// !$*UTF8*$!
{
	archiveVersion = 1;
	classes = {
	};
	objectVersion = 46;
	objects = {

/* Begin PBXBuildFile section */
		EE10A6EB1E9CD5C40036B1E0 /* FMDbase.swift in Sources */ = {isa = PBXBuildFile; fileRef = EE10A6EA1E9CD5C40036B1E0 /* FMDbase.swift */; };
		EE10A6ED1E9CD5FE0036B1E0 /* UserInfo.swift in Sources */ = {isa = PBXBuildFile; fileRef = EE10A6EC1E9CD5FE0036B1E0 /* UserInfo.swift */; };
		EE10A6EF1E9CD6DB0036B1E0 /* libsqlite3.0.tbd in Frameworks */ = {isa = PBXBuildFile; fileRef = EE10A6EE1E9CD6DB0036B1E0 /* libsqlite3.0.tbd */; };
		EE2206CC1EB85F4600885C15 /* HomeViewController.swift in Sources */ = {isa = PBXBuildFile; fileRef = EE2206CB1EB85F4600885C15 /* HomeViewController.swift */; };
		EE2206D01EB85F7400885C15 /* MessTableViewController.swift in Sources */ = {isa = PBXBuildFile; fileRef = EE2206CE1EB85F7400885C15 /* MessTableViewController.swift */; };
		EE2206D11EB85F7400885C15 /* MessTableViewController.xib in Resources */ = {isa = PBXBuildFile; fileRef = EE2206CF1EB85F7400885C15 /* MessTableViewController.xib */; };
		EE2206D51EB85F9200885C15 /* MeTableViewController.swift in Sources */ = {isa = PBXBuildFile; fileRef = EE2206D31EB85F9200885C15 /* MeTableViewController.swift */; };
		EE2206D61EB85F9200885C15 /* MeTableViewController.xib in Resources */ = {isa = PBXBuildFile; fileRef = EE2206D41EB85F9200885C15 /* MeTableViewController.xib */; };
		EE2206E01EB88DC000885C15 /* DeviceView.swift in Sources */ = {isa = PBXBuildFile; fileRef = EE2206DF1EB88DC000885C15 /* DeviceView.swift */; };
		EE3E3BA51E9744220065827E /* NavViewController.swift in Sources */ = {isa = PBXBuildFile; fileRef = EE3E3BA41E9744220065827E /* NavViewController.swift */; };
		EE3E3BA81E9764C40065827E /* LoginViewController.swift in Sources */ = {isa = PBXBuildFile; fileRef = EE3E3BA61E9764C40065827E /* LoginViewController.swift */; };
		EE3E3BA91E9764C40065827E /* LoginViewController.xib in Resources */ = {isa = PBXBuildFile; fileRef = EE3E3BA71E9764C40065827E /* LoginViewController.xib */; };
		EE3E3BAC1E979FE20065827E /* ResignViewController.swift in Sources */ = {isa = PBXBuildFile; fileRef = EE3E3BAA1E979FE20065827E /* ResignViewController.swift */; };
		EE3E3BAD1E979FE20065827E /* ResignViewController.xib in Resources */ = {isa = PBXBuildFile; fileRef = EE3E3BAB1E979FE20065827E /* ResignViewController.xib */; };
		EE4717131EC2C21E00AB4CA4 /* AMapFoundationKit.framework in Frameworks */ = {isa = PBXBuildFile; fileRef = EE47170F1EC2C21E00AB4CA4 /* AMapFoundationKit.framework */; };
		EE4717141EC2C21E00AB4CA4 /* AMapNaviKit.framework in Frameworks */ = {isa = PBXBuildFile; fileRef = EE4717101EC2C21E00AB4CA4 /* AMapNaviKit.framework */; };
		EE4717151EC2C21E00AB4CA4 /* AMapSearchKit.framework in Frameworks */ = {isa = PBXBuildFile; fileRef = EE4717111EC2C21E00AB4CA4 /* AMapSearchKit.framework */; };
		EE4717161EC2C21E00AB4CA4 /* MAMapKit.framework in Frameworks */ = {isa = PBXBuildFile; fileRef = EE4717121EC2C21E00AB4CA4 /* MAMapKit.framework */; };
		EE4717181EC2C26500AB4CA4 /* AMapNavi.bundle in Resources */ = {isa = PBXBuildFile; fileRef = EE4717171EC2C26500AB4CA4 /* AMapNavi.bundle */; };
		EE47171A1EC2C27100AB4CA4 /* AMap.bundle in Resources */ = {isa = PBXBuildFile; fileRef = EE4717191EC2C27100AB4CA4 /* AMap.bundle */; };
		EE47171C1EC2C28E00AB4CA4 /* Foundation.framework in Frameworks */ = {isa = PBXBuildFile; fileRef = EE47171B1EC2C28E00AB4CA4 /* Foundation.framework */; };
		EE47171E1EC2C29400AB4CA4 /* CoreTelephony.framework in Frameworks */ = {isa = PBXBuildFile; fileRef = EE47171D1EC2C29400AB4CA4 /* CoreTelephony.framework */; };
		EE4717201EC2C29A00AB4CA4 /* SystemConfiguration.framework in Frameworks */ = {isa = PBXBuildFile; fileRef = EE47171F1EC2C29A00AB4CA4 /* SystemConfiguration.framework */; };
		EE4717221EC2C29F00AB4CA4 /* libz.tbd in Frameworks */ = {isa = PBXBuildFile; fileRef = EE4717211EC2C29F00AB4CA4 /* libz.tbd */; };
		EE4717241EC2C2A600AB4CA4 /* libc++.tbd in Frameworks */ = {isa = PBXBuildFile; fileRef = EE4717231EC2C2A600AB4CA4 /* libc++.tbd */; };
		EE4717261EC2C2B100AB4CA4 /* libstdc++.6.0.9.tbd in Frameworks */ = {isa = PBXBuildFile; fileRef = EE4717251EC2C2B100AB4CA4 /* libstdc++.6.0.9.tbd */; };
		EE4717281EC2C2B700AB4CA4 /* Security.framework in Frameworks */ = {isa = PBXBuildFile; fileRef = EE4717271EC2C2B700AB4CA4 /* Security.framework */; };
		EE47172A1EC2C2BD00AB4CA4 /* GLKit.framework in Frameworks */ = {isa = PBXBuildFile; fileRef = EE4717291EC2C2BD00AB4CA4 /* GLKit.framework */; };
		EE47172C1EC2E6C200AB4CA4 /* HisTrajectoryViewController.swift in Sources */ = {isa = PBXBuildFile; fileRef = EE47172B1EC2E6C100AB4CA4 /* HisTrajectoryViewController.swift */; };
		EE47173C1EC3018B00AB4CA4 /* FSCalendar.m in Sources */ = {isa = PBXBuildFile; fileRef = EE47172F1EC3018B00AB4CA4 /* FSCalendar.m */; };
		EE47173D1EC3018B00AB4CA4 /* FSCalendarHeader.m in Sources */ = {isa = PBXBuildFile; fileRef = EE4717311EC3018B00AB4CA4 /* FSCalendarHeader.m */; };
		EE47173E1EC3018B00AB4CA4 /* FSCalendarPage.m in Sources */ = {isa = PBXBuildFile; fileRef = EE4717331EC3018B00AB4CA4 /* FSCalendarPage.m */; };
		EE47173F1EC3018B00AB4CA4 /* FSCalendarUnit.m in Sources */ = {isa = PBXBuildFile; fileRef = EE4717351EC3018B00AB4CA4 /* FSCalendarUnit.m */; };
		EE4717401EC3018B00AB4CA4 /* NSDate+FSExtension.m in Sources */ = {isa = PBXBuildFile; fileRef = EE4717371EC3018B00AB4CA4 /* NSDate+FSExtension.m */; };
		EE4717411EC3018B00AB4CA4 /* UIScrollView+FSExtension.m in Sources */ = {isa = PBXBuildFile; fileRef = EE4717391EC3018B00AB4CA4 /* UIScrollView+FSExtension.m */; };
		EE4717421EC3018B00AB4CA4 /* UIView+FSExtension.m in Sources */ = {isa = PBXBuildFile; fileRef = EE47173B1EC3018B00AB4CA4 /* UIView+FSExtension.m */; };
		EE5D65D91EBD7FC10055B657 /* DeviceToolView.swift in Sources */ = {isa = PBXBuildFile; fileRef = EE5D65D81EBD7FC10055B657 /* DeviceToolView.swift */; };
		EE76342B1EA9FA4A0043FEC3 /* RelationViewController.swift in Sources */ = {isa = PBXBuildFile; fileRef = EE7634291EA9FA4A0043FEC3 /* RelationViewController.swift */; };
		EE76342C1EA9FA4A0043FEC3 /* RelationViewController.xib in Resources */ = {isa = PBXBuildFile; fileRef = EE76342A1EA9FA4A0043FEC3 /* RelationViewController.xib */; };
		EE7C35F01E95DBFC000481E2 /* AppDelegate.swift in Sources */ = {isa = PBXBuildFile; fileRef = EE7C35EF1E95DBFC000481E2 /* AppDelegate.swift */; };
		EE7C35F21E95DBFC000481E2 /* ViewController.swift in Sources */ = {isa = PBXBuildFile; fileRef = EE7C35F11E95DBFC000481E2 /* ViewController.swift */; };
		EE7C35F51E95DBFC000481E2 /* Main.storyboard in Resources */ = {isa = PBXBuildFile; fileRef = EE7C35F31E95DBFC000481E2 /* Main.storyboard */; };
		EE7C35F71E95DBFC000481E2 /* Assets.xcassets in Resources */ = {isa = PBXBuildFile; fileRef = EE7C35F61E95DBFC000481E2 /* Assets.xcassets */; };
		EE7C35FA1E95DBFC000481E2 /* LaunchScreen.storyboard in Resources */ = {isa = PBXBuildFile; fileRef = EE7C35F81E95DBFC000481E2 /* LaunchScreen.storyboard */; };
		EE7C36041E95EBBB000481E2 /* File.swift in Sources */ = {isa = PBXBuildFile; fileRef = EE7C36031E95EBBB000481E2 /* File.swift */; };
		EE7C36091E9615BD000481E2 /* LocalizeableInfo.swift in Sources */ = {isa = PBXBuildFile; fileRef = EE7C36081E9615BD000481E2 /* LocalizeableInfo.swift */; };
		EE7C360A1E9621A8000481E2 /* Localizable.strings in Resources */ = {isa = PBXBuildFile; fileRef = EE7C360C1E9621A8000481E2 /* Localizable.strings */; };
		EE7CAD1B1EA5C5CB00A40760 /* BandDeviceViewController.swift in Sources */ = {isa = PBXBuildFile; fileRef = EE7CAD191EA5C5CB00A40760 /* BandDeviceViewController.swift */; };
		EE7CAD1C1EA5C5CB00A40760 /* BandDeviceViewController.xib in Resources */ = {isa = PBXBuildFile; fileRef = EE7CAD1A1EA5C5CB00A40760 /* BandDeviceViewController.xib */; };
		EE7CAD1E1EA5E40C00A40760 /* ScanCodeViewController.swift in Sources */ = {isa = PBXBuildFile; fileRef = EE7CAD1D1EA5E40C00A40760 /* ScanCodeViewController.swift */; };
		EE86580B1ED6A5D7006A950B /* SecurityView.swift in Sources */ = {isa = PBXBuildFile; fileRef = EE86580A1ED6A5D6006A950B /* SecurityView.swift */; };
		EEA67B1E1EBECFBF000AAE88 /* DrawMap.swift in Sources */ = {isa = PBXBuildFile; fileRef = EEA67B1D1EBECFBF000AAE88 /* DrawMap.swift */; };
		EEAA30A11E98BB4900D92A32 /* MyHttpSessionMar.swift in Sources */ = {isa = PBXBuildFile; fileRef = EEAA30A01E98BB4900D92A32 /* MyHttpSessionMar.swift */; };
		EEAA30AA1E98DABB00D92A32 /* MBProgressHUD+MJ.m in Sources */ = {isa = PBXBuildFile; fileRef = EEAA30A61E98DABB00D92A32 /* MBProgressHUD+MJ.m */; };
		EEAA30AB1E98DABB00D92A32 /* MBProgressHUD.bundle in Resources */ = {isa = PBXBuildFile; fileRef = EEAA30A71E98DABB00D92A32 /* MBProgressHUD.bundle */; };
		EEAA30AC1E98DABB00D92A32 /* MBProgressHUD.m in Sources */ = {isa = PBXBuildFile; fileRef = EEAA30A91E98DABB00D92A32 /* MBProgressHUD.m */; };
		EEADA01B1EC19DF3003867DC /* AVFoundation.framework in Frameworks */ = {isa = PBXBuildFile; fileRef = EEADA01A1EC19DF3003867DC /* AVFoundation.framework */; };
		EEADA0201EC1A470003867DC /* MoreMenuView.m in Sources */ = {isa = PBXBuildFile; fileRef = EEADA01F1EC1A470003867DC /* MoreMenuView.m */; };
		EEADA0231EC1CAA8003867DC /* GPSNaviViewController.m in Sources */ = {isa = PBXBuildFile; fileRef = EEADA0221EC1CAA8003867DC /* GPSNaviViewController.m */; };
		EEADA0261EC1CABE003867DC /* SpeechSynthesizer.m in Sources */ = {isa = PBXBuildFile; fileRef = EEADA0251EC1CABE003867DC /* SpeechSynthesizer.m */; };
		EEC3D55B1EAF5B68009E9C09 /* SelectPhotoCollectionViewController.swift in Sources */ = {isa = PBXBuildFile; fileRef = EEC3D5591EAF5B67009E9C09 /* SelectPhotoCollectionViewController.swift */; };
		EEC3D55C1EAF5B68009E9C09 /* SelectPhotoCollectionViewController.xib in Resources */ = {isa = PBXBuildFile; fileRef = EEC3D55A1EAF5B68009E9C09 /* SelectPhotoCollectionViewController.xib */; };
		EEC3D55F1EAF5BA8009E9C09 /* PhotoCollectionViewCell.swift in Sources */ = {isa = PBXBuildFile; fileRef = EEC3D55D1EAF5BA8009E9C09 /* PhotoCollectionViewCell.swift */; };
		EEC3D5601EAF5BA8009E9C09 /* PhotoCollectionViewCell.xib in Resources */ = {isa = PBXBuildFile; fileRef = EEC3D55E1EAF5BA8009E9C09 /* PhotoCollectionViewCell.xib */; };
		EEE1A32C1E98853A00E90096 /* Defaultinfos.swift in Sources */ = {isa = PBXBuildFile; fileRef = EEE1A32B1E98853A00E90096 /* Defaultinfos.swift */; };
		EEE3A0681EAEE7BB00E75FC2 /* DeviceInfoViewController.swift in Sources */ = {isa = PBXBuildFile; fileRef = EEE3A0661EAEE7BB00E75FC2 /* DeviceInfoViewController.swift */; };
		EEE3A0691EAEE7BB00E75FC2 /* DeviceInfoViewController.xib in Resources */ = {isa = PBXBuildFile; fileRef = EEE3A0671EAEE7BB00E75FC2 /* DeviceInfoViewController.xib */; };
		EEE3A06C1EAEEEC600E75FC2 /* PhotoView.swift in Sources */ = {isa = PBXBuildFile; fileRef = EEE3A06B1EAEEEC600E75FC2 /* PhotoView.swift */; };
		EEEF54BE1ED4166B006905A3 /* SecurityTableViewController.swift in Sources */ = {isa = PBXBuildFile; fileRef = EEEF54BC1ED4166B006905A3 /* SecurityTableViewController.swift */; };
		EEEF54BF1ED4166B006905A3 /* SecurityTableViewController.xib in Resources */ = {isa = PBXBuildFile; fileRef = EEEF54BD1ED4166B006905A3 /* SecurityTableViewController.xib */; };
		EEEF54C21ED41C6B006905A3 /* SecurityTableViewCell.swift in Sources */ = {isa = PBXBuildFile; fileRef = EEEF54C01ED41C6B006905A3 /* SecurityTableViewCell.swift */; };
		EEEF54C31ED41C6B006905A3 /* SecurityTableViewCell.xib in Resources */ = {isa = PBXBuildFile; fileRef = EEEF54C11ED41C6B006905A3 /* SecurityTableViewCell.xib */; };
		EEEF54C61ED42C55006905A3 /* SecurityViewController.swift in Sources */ = {isa = PBXBuildFile; fileRef = EEEF54C41ED42C55006905A3 /* SecurityViewController.swift */; };
		EEEF54C71ED42C55006905A3 /* SecurityViewController.xib in Resources */ = {isa = PBXBuildFile; fileRef = EEEF54C51ED42C55006905A3 /* SecurityViewController.xib */; };
		EEF9DC571EC7EA6C0097AC77 /* AddressBookTableViewController.swift in Sources */ = {isa = PBXBuildFile; fileRef = EEF9DC551EC7EA6C0097AC77 /* AddressBookTableViewController.swift */; };
		EEF9DC581EC7EA6C0097AC77 /* AddressBookTableViewController.xib in Resources */ = {isa = PBXBuildFile; fileRef = EEF9DC561EC7EA6C0097AC77 /* AddressBookTableViewController.xib */; };
		EEF9DC5B1EC82BDC0097AC77 /* AddFamilyViewController.swift in Sources */ = {isa = PBXBuildFile; fileRef = EEF9DC591EC82BDC0097AC77 /* AddFamilyViewController.swift */; };
		EEF9DC5C1EC82BDC0097AC77 /* AddFamilyViewController.xib in Resources */ = {isa = PBXBuildFile; fileRef = EEF9DC5A1EC82BDC0097AC77 /* AddFamilyViewController.xib */; };
		EEF9DC5F1EC845540097AC77 /* FamilyViewController.swift in Sources */ = {isa = PBXBuildFile; fileRef = EEF9DC5D1EC845540097AC77 /* FamilyViewController.swift */; };
		EEF9DC601EC845540097AC77 /* FamilyViewController.xib in Resources */ = {isa = PBXBuildFile; fileRef = EEF9DC5E1EC845540097AC77 /* FamilyViewController.xib */; };
		F510CAACD04BE977C9B70BD0 /* Pods____.framework in Frameworks */ = {isa = PBXBuildFile; fileRef = 4C7D6C9227326DC4F0CD900F /* Pods____.framework */; };
/* End PBXBuildFile section */

/* Begin PBXFileReference section */
		4C7D6C9227326DC4F0CD900F /* Pods____.framework */ = {isa = PBXFileReference; explicitFileType = wrapper.framework; includeInIndex = 0; path = "Pods____.framework"; sourceTree = BUILT_PRODUCTS_DIR; };
		87D42D50C237D5F863861812 /* Pods-随心行.release.xcconfig */ = {isa = PBXFileReference; includeInIndex = 1; lastKnownFileType = text.xcconfig; name = "Pods-随心行.release.xcconfig"; path = "Pods/Target Support Files/Pods-随心行/Pods-随心行.release.xcconfig"; sourceTree = "<group>"; };
		EE10A6EA1E9CD5C40036B1E0 /* FMDbase.swift */ = {isa = PBXFileReference; fileEncoding = 4; lastKnownFileType = sourcecode.swift; path = FMDbase.swift; sourceTree = "<group>"; };
		EE10A6EC1E9CD5FE0036B1E0 /* UserInfo.swift */ = {isa = PBXFileReference; fileEncoding = 4; lastKnownFileType = sourcecode.swift; path = UserInfo.swift; sourceTree = "<group>"; };
		EE10A6EE1E9CD6DB0036B1E0 /* libsqlite3.0.tbd */ = {isa = PBXFileReference; lastKnownFileType = "sourcecode.text-based-dylib-definition"; name = libsqlite3.0.tbd; path = usr/lib/libsqlite3.0.tbd; sourceTree = SDKROOT; };
		EE2206CB1EB85F4600885C15 /* HomeViewController.swift */ = {isa = PBXFileReference; fileEncoding = 4; lastKnownFileType = sourcecode.swift; path = HomeViewController.swift; sourceTree = "<group>"; };
		EE2206CE1EB85F7400885C15 /* MessTableViewController.swift */ = {isa = PBXFileReference; fileEncoding = 4; lastKnownFileType = sourcecode.swift; path = MessTableViewController.swift; sourceTree = "<group>"; };
		EE2206CF1EB85F7400885C15 /* MessTableViewController.xib */ = {isa = PBXFileReference; fileEncoding = 4; lastKnownFileType = file.xib; path = MessTableViewController.xib; sourceTree = "<group>"; };
		EE2206D31EB85F9200885C15 /* MeTableViewController.swift */ = {isa = PBXFileReference; fileEncoding = 4; lastKnownFileType = sourcecode.swift; path = MeTableViewController.swift; sourceTree = "<group>"; };
		EE2206D41EB85F9200885C15 /* MeTableViewController.xib */ = {isa = PBXFileReference; fileEncoding = 4; lastKnownFileType = file.xib; path = MeTableViewController.xib; sourceTree = "<group>"; };
		EE2206DC1EB8894200885C15 /* officialDemoSwift-Bridging-Header.h */ = {isa = PBXFileReference; lastKnownFileType = sourcecode.c.h; path = "officialDemoSwift-Bridging-Header.h"; sourceTree = "<group>"; };
		EE2206DF1EB88DC000885C15 /* DeviceView.swift */ = {isa = PBXFileReference; fileEncoding = 4; lastKnownFileType = sourcecode.swift; path = DeviceView.swift; sourceTree = "<group>"; };
		EE3E3BA41E9744220065827E /* NavViewController.swift */ = {isa = PBXFileReference; fileEncoding = 4; lastKnownFileType = sourcecode.swift; path = NavViewController.swift; sourceTree = "<group>"; };
		EE3E3BA61E9764C40065827E /* LoginViewController.swift */ = {isa = PBXFileReference; fileEncoding = 4; lastKnownFileType = sourcecode.swift; path = LoginViewController.swift; sourceTree = "<group>"; };
		EE3E3BA71E9764C40065827E /* LoginViewController.xib */ = {isa = PBXFileReference; fileEncoding = 4; lastKnownFileType = file.xib; path = LoginViewController.xib; sourceTree = "<group>"; };
		EE3E3BAA1E979FE20065827E /* ResignViewController.swift */ = {isa = PBXFileReference; fileEncoding = 4; lastKnownFileType = sourcecode.swift; path = ResignViewController.swift; sourceTree = "<group>"; };
		EE3E3BAB1E979FE20065827E /* ResignViewController.xib */ = {isa = PBXFileReference; fileEncoding = 4; lastKnownFileType = file.xib; path = ResignViewController.xib; sourceTree = "<group>"; };
		EE47170F1EC2C21E00AB4CA4 /* AMapFoundationKit.framework */ = {isa = PBXFileReference; lastKnownFileType = wrapper.framework; path = AMapFoundationKit.framework; sourceTree = "<group>"; };
		EE4717101EC2C21E00AB4CA4 /* AMapNaviKit.framework */ = {isa = PBXFileReference; lastKnownFileType = wrapper.framework; path = AMapNaviKit.framework; sourceTree = "<group>"; };
		EE4717111EC2C21E00AB4CA4 /* AMapSearchKit.framework */ = {isa = PBXFileReference; lastKnownFileType = wrapper.framework; path = AMapSearchKit.framework; sourceTree = "<group>"; };
		EE4717121EC2C21E00AB4CA4 /* MAMapKit.framework */ = {isa = PBXFileReference; lastKnownFileType = wrapper.framework; path = MAMapKit.framework; sourceTree = "<group>"; };
		EE4717171EC2C26500AB4CA4 /* AMapNavi.bundle */ = {isa = PBXFileReference; lastKnownFileType = "wrapper.plug-in"; name = AMapNavi.bundle; path = AMapNaviKit.framework/AMapNavi.bundle; sourceTree = "<group>"; };
		EE4717191EC2C27100AB4CA4 /* AMap.bundle */ = {isa = PBXFileReference; lastKnownFileType = "wrapper.plug-in"; name = AMap.bundle; path = MAMapKit.framework/AMap.bundle; sourceTree = "<group>"; };
		EE47171B1EC2C28E00AB4CA4 /* Foundation.framework */ = {isa = PBXFileReference; lastKnownFileType = wrapper.framework; name = Foundation.framework; path = System/Library/Frameworks/Foundation.framework; sourceTree = SDKROOT; };
		EE47171D1EC2C29400AB4CA4 /* CoreTelephony.framework */ = {isa = PBXFileReference; lastKnownFileType = wrapper.framework; name = CoreTelephony.framework; path = System/Library/Frameworks/CoreTelephony.framework; sourceTree = SDKROOT; };
		EE47171F1EC2C29A00AB4CA4 /* SystemConfiguration.framework */ = {isa = PBXFileReference; lastKnownFileType = wrapper.framework; name = SystemConfiguration.framework; path = System/Library/Frameworks/SystemConfiguration.framework; sourceTree = SDKROOT; };
		EE4717211EC2C29F00AB4CA4 /* libz.tbd */ = {isa = PBXFileReference; lastKnownFileType = "sourcecode.text-based-dylib-definition"; name = libz.tbd; path = usr/lib/libz.tbd; sourceTree = SDKROOT; };
		EE4717231EC2C2A600AB4CA4 /* libc++.tbd */ = {isa = PBXFileReference; lastKnownFileType = "sourcecode.text-based-dylib-definition"; name = "libc++.tbd"; path = "usr/lib/libc++.tbd"; sourceTree = SDKROOT; };
		EE4717251EC2C2B100AB4CA4 /* libstdc++.6.0.9.tbd */ = {isa = PBXFileReference; lastKnownFileType = "sourcecode.text-based-dylib-definition"; name = "libstdc++.6.0.9.tbd"; path = "usr/lib/libstdc++.6.0.9.tbd"; sourceTree = SDKROOT; };
		EE4717271EC2C2B700AB4CA4 /* Security.framework */ = {isa = PBXFileReference; lastKnownFileType = wrapper.framework; name = Security.framework; path = System/Library/Frameworks/Security.framework; sourceTree = SDKROOT; };
		EE4717291EC2C2BD00AB4CA4 /* GLKit.framework */ = {isa = PBXFileReference; lastKnownFileType = wrapper.framework; name = GLKit.framework; path = System/Library/Frameworks/GLKit.framework; sourceTree = SDKROOT; };
		EE47172B1EC2E6C100AB4CA4 /* HisTrajectoryViewController.swift */ = {isa = PBXFileReference; fileEncoding = 4; lastKnownFileType = sourcecode.swift; path = HisTrajectoryViewController.swift; sourceTree = "<group>"; };
		EE47172E1EC3018B00AB4CA4 /* FSCalendar.h */ = {isa = PBXFileReference; fileEncoding = 4; lastKnownFileType = sourcecode.c.h; path = FSCalendar.h; sourceTree = "<group>"; };
		EE47172F1EC3018B00AB4CA4 /* FSCalendar.m */ = {isa = PBXFileReference; fileEncoding = 4; lastKnownFileType = sourcecode.c.objc; path = FSCalendar.m; sourceTree = "<group>"; };
		EE4717301EC3018B00AB4CA4 /* FSCalendarHeader.h */ = {isa = PBXFileReference; fileEncoding = 4; lastKnownFileType = sourcecode.c.h; path = FSCalendarHeader.h; sourceTree = "<group>"; };
		EE4717311EC3018B00AB4CA4 /* FSCalendarHeader.m */ = {isa = PBXFileReference; fileEncoding = 4; lastKnownFileType = sourcecode.c.objc; path = FSCalendarHeader.m; sourceTree = "<group>"; };
		EE4717321EC3018B00AB4CA4 /* FSCalendarPage.h */ = {isa = PBXFileReference; fileEncoding = 4; lastKnownFileType = sourcecode.c.h; path = FSCalendarPage.h; sourceTree = "<group>"; };
		EE4717331EC3018B00AB4CA4 /* FSCalendarPage.m */ = {isa = PBXFileReference; fileEncoding = 4; lastKnownFileType = sourcecode.c.objc; path = FSCalendarPage.m; sourceTree = "<group>"; };
		EE4717341EC3018B00AB4CA4 /* FSCalendarUnit.h */ = {isa = PBXFileReference; fileEncoding = 4; lastKnownFileType = sourcecode.c.h; path = FSCalendarUnit.h; sourceTree = "<group>"; };
		EE4717351EC3018B00AB4CA4 /* FSCalendarUnit.m */ = {isa = PBXFileReference; fileEncoding = 4; lastKnownFileType = sourcecode.c.objc; path = FSCalendarUnit.m; sourceTree = "<group>"; };
		EE4717361EC3018B00AB4CA4 /* NSDate+FSExtension.h */ = {isa = PBXFileReference; fileEncoding = 4; lastKnownFileType = sourcecode.c.h; path = "NSDate+FSExtension.h"; sourceTree = "<group>"; };
		EE4717371EC3018B00AB4CA4 /* NSDate+FSExtension.m */ = {isa = PBXFileReference; fileEncoding = 4; lastKnownFileType = sourcecode.c.objc; path = "NSDate+FSExtension.m"; sourceTree = "<group>"; };
		EE4717381EC3018B00AB4CA4 /* UIScrollView+FSExtension.h */ = {isa = PBXFileReference; fileEncoding = 4; lastKnownFileType = sourcecode.c.h; path = "UIScrollView+FSExtension.h"; sourceTree = "<group>"; };
		EE4717391EC3018B00AB4CA4 /* UIScrollView+FSExtension.m */ = {isa = PBXFileReference; fileEncoding = 4; lastKnownFileType = sourcecode.c.objc; path = "UIScrollView+FSExtension.m"; sourceTree = "<group>"; };
		EE47173A1EC3018B00AB4CA4 /* UIView+FSExtension.h */ = {isa = PBXFileReference; fileEncoding = 4; lastKnownFileType = sourcecode.c.h; path = "UIView+FSExtension.h"; sourceTree = "<group>"; };
		EE47173B1EC3018B00AB4CA4 /* UIView+FSExtension.m */ = {isa = PBXFileReference; fileEncoding = 4; lastKnownFileType = sourcecode.c.objc; path = "UIView+FSExtension.m"; sourceTree = "<group>"; };
		EE5D65D81EBD7FC10055B657 /* DeviceToolView.swift */ = {isa = PBXFileReference; fileEncoding = 4; lastKnownFileType = sourcecode.swift; path = DeviceToolView.swift; sourceTree = "<group>"; };
		EE7634291EA9FA4A0043FEC3 /* RelationViewController.swift */ = {isa = PBXFileReference; fileEncoding = 4; lastKnownFileType = sourcecode.swift; path = RelationViewController.swift; sourceTree = "<group>"; };
		EE76342A1EA9FA4A0043FEC3 /* RelationViewController.xib */ = {isa = PBXFileReference; fileEncoding = 4; lastKnownFileType = file.xib; path = RelationViewController.xib; sourceTree = "<group>"; };
		EE7C35EC1E95DBFC000481E2 /* 随心行.app */ = {isa = PBXFileReference; explicitFileType = wrapper.application; includeInIndex = 0; path = "随心行.app"; sourceTree = BUILT_PRODUCTS_DIR; };
		EE7C35EF1E95DBFC000481E2 /* AppDelegate.swift */ = {isa = PBXFileReference; lastKnownFileType = sourcecode.swift; path = AppDelegate.swift; sourceTree = "<group>"; };
		EE7C35F11E95DBFC000481E2 /* ViewController.swift */ = {isa = PBXFileReference; lastKnownFileType = sourcecode.swift; path = ViewController.swift; sourceTree = "<group>"; };
		EE7C35F41E95DBFC000481E2 /* Base */ = {isa = PBXFileReference; lastKnownFileType = file.storyboard; name = Base; path = Base.lproj/Main.storyboard; sourceTree = "<group>"; };
		EE7C35F61E95DBFC000481E2 /* Assets.xcassets */ = {isa = PBXFileReference; lastKnownFileType = folder.assetcatalog; path = Assets.xcassets; sourceTree = "<group>"; };
		EE7C35F91E95DBFC000481E2 /* Base */ = {isa = PBXFileReference; lastKnownFileType = file.storyboard; name = Base; path = Base.lproj/LaunchScreen.storyboard; sourceTree = "<group>"; };
		EE7C35FB1E95DBFC000481E2 /* Info.plist */ = {isa = PBXFileReference; lastKnownFileType = text.plist.xml; path = Info.plist; sourceTree = "<group>"; };
		EE7C36011E95E193000481E2 /* PrefixHeader.pch */ = {isa = PBXFileReference; lastKnownFileType = sourcecode.c.h; path = PrefixHeader.pch; sourceTree = "<group>"; };
		EE7C36031E95EBBB000481E2 /* File.swift */ = {isa = PBXFileReference; fileEncoding = 4; lastKnownFileType = sourcecode.swift; path = File.swift; sourceTree = "<group>"; };
		EE7C36081E9615BD000481E2 /* LocalizeableInfo.swift */ = {isa = PBXFileReference; fileEncoding = 4; lastKnownFileType = sourcecode.swift; path = LocalizeableInfo.swift; sourceTree = "<group>"; };
		EE7C360B1E9621A8000481E2 /* en */ = {isa = PBXFileReference; lastKnownFileType = text.plist.strings; name = en; path = en.lproj/Localizable.strings; sourceTree = "<group>"; };
		EE7CAD191EA5C5CB00A40760 /* BandDeviceViewController.swift */ = {isa = PBXFileReference; fileEncoding = 4; lastKnownFileType = sourcecode.swift; path = BandDeviceViewController.swift; sourceTree = "<group>"; };
		EE7CAD1A1EA5C5CB00A40760 /* BandDeviceViewController.xib */ = {isa = PBXFileReference; fileEncoding = 4; lastKnownFileType = file.xib; path = BandDeviceViewController.xib; sourceTree = "<group>"; };
		EE7CAD1D1EA5E40C00A40760 /* ScanCodeViewController.swift */ = {isa = PBXFileReference; fileEncoding = 4; lastKnownFileType = sourcecode.swift; path = ScanCodeViewController.swift; sourceTree = "<group>"; };
		EE86580A1ED6A5D6006A950B /* SecurityView.swift */ = {isa = PBXFileReference; fileEncoding = 4; lastKnownFileType = sourcecode.swift; path = SecurityView.swift; sourceTree = "<group>"; };
		EEA67B1D1EBECFBF000AAE88 /* DrawMap.swift */ = {isa = PBXFileReference; fileEncoding = 4; lastKnownFileType = sourcecode.swift; path = DrawMap.swift; sourceTree = "<group>"; };
		EEAA30A01E98BB4900D92A32 /* MyHttpSessionMar.swift */ = {isa = PBXFileReference; fileEncoding = 4; lastKnownFileType = sourcecode.swift; path = MyHttpSessionMar.swift; sourceTree = "<group>"; };
		EEAA30A51E98DABB00D92A32 /* MBProgressHUD+MJ.h */ = {isa = PBXFileReference; fileEncoding = 4; lastKnownFileType = sourcecode.c.h; path = "MBProgressHUD+MJ.h"; sourceTree = "<group>"; };
		EEAA30A61E98DABB00D92A32 /* MBProgressHUD+MJ.m */ = {isa = PBXFileReference; fileEncoding = 4; lastKnownFileType = sourcecode.c.objc; path = "MBProgressHUD+MJ.m"; sourceTree = "<group>"; };
		EEAA30A71E98DABB00D92A32 /* MBProgressHUD.bundle */ = {isa = PBXFileReference; lastKnownFileType = "wrapper.plug-in"; path = MBProgressHUD.bundle; sourceTree = "<group>"; };
		EEAA30A81E98DABB00D92A32 /* MBProgressHUD.h */ = {isa = PBXFileReference; fileEncoding = 4; lastKnownFileType = sourcecode.c.h; path = MBProgressHUD.h; sourceTree = "<group>"; };
		EEAA30A91E98DABB00D92A32 /* MBProgressHUD.m */ = {isa = PBXFileReference; fileEncoding = 4; lastKnownFileType = sourcecode.c.objc; path = MBProgressHUD.m; sourceTree = "<group>"; };
		EEADA01A1EC19DF3003867DC /* AVFoundation.framework */ = {isa = PBXFileReference; lastKnownFileType = wrapper.framework; name = AVFoundation.framework; path = System/Library/Frameworks/AVFoundation.framework; sourceTree = SDKROOT; };
		EEADA01E1EC1A470003867DC /* MoreMenuView.h */ = {isa = PBXFileReference; fileEncoding = 4; lastKnownFileType = sourcecode.c.h; path = MoreMenuView.h; sourceTree = "<group>"; };
		EEADA01F1EC1A470003867DC /* MoreMenuView.m */ = {isa = PBXFileReference; fileEncoding = 4; lastKnownFileType = sourcecode.c.objc; path = MoreMenuView.m; sourceTree = "<group>"; };
		EEADA0211EC1CAA8003867DC /* GPSNaviViewController.h */ = {isa = PBXFileReference; fileEncoding = 4; lastKnownFileType = sourcecode.c.h; path = GPSNaviViewController.h; sourceTree = "<group>"; };
		EEADA0221EC1CAA8003867DC /* GPSNaviViewController.m */ = {isa = PBXFileReference; fileEncoding = 4; lastKnownFileType = sourcecode.c.objc; path = GPSNaviViewController.m; sourceTree = "<group>"; };
		EEADA0241EC1CABE003867DC /* SpeechSynthesizer.h */ = {isa = PBXFileReference; fileEncoding = 4; lastKnownFileType = sourcecode.c.h; path = SpeechSynthesizer.h; sourceTree = "<group>"; };
		EEADA0251EC1CABE003867DC /* SpeechSynthesizer.m */ = {isa = PBXFileReference; fileEncoding = 4; lastKnownFileType = sourcecode.c.objc; path = SpeechSynthesizer.m; sourceTree = "<group>"; };
		EEC3D5591EAF5B67009E9C09 /* SelectPhotoCollectionViewController.swift */ = {isa = PBXFileReference; fileEncoding = 4; lastKnownFileType = sourcecode.swift; path = SelectPhotoCollectionViewController.swift; sourceTree = "<group>"; };
		EEC3D55A1EAF5B68009E9C09 /* SelectPhotoCollectionViewController.xib */ = {isa = PBXFileReference; fileEncoding = 4; lastKnownFileType = file.xib; path = SelectPhotoCollectionViewController.xib; sourceTree = "<group>"; };
		EEC3D55D1EAF5BA8009E9C09 /* PhotoCollectionViewCell.swift */ = {isa = PBXFileReference; fileEncoding = 4; lastKnownFileType = sourcecode.swift; path = PhotoCollectionViewCell.swift; sourceTree = "<group>"; };
		EEC3D55E1EAF5BA8009E9C09 /* PhotoCollectionViewCell.xib */ = {isa = PBXFileReference; fileEncoding = 4; lastKnownFileType = file.xib; path = PhotoCollectionViewCell.xib; sourceTree = "<group>"; };
		EEE1A32B1E98853A00E90096 /* Defaultinfos.swift */ = {isa = PBXFileReference; fileEncoding = 4; lastKnownFileType = sourcecode.swift; path = Defaultinfos.swift; sourceTree = "<group>"; };
		EEE3A0661EAEE7BB00E75FC2 /* DeviceInfoViewController.swift */ = {isa = PBXFileReference; fileEncoding = 4; lastKnownFileType = sourcecode.swift; path = DeviceInfoViewController.swift; sourceTree = "<group>"; };
		EEE3A0671EAEE7BB00E75FC2 /* DeviceInfoViewController.xib */ = {isa = PBXFileReference; fileEncoding = 4; lastKnownFileType = file.xib; path = DeviceInfoViewController.xib; sourceTree = "<group>"; };
		EEE3A06B1EAEEEC600E75FC2 /* PhotoView.swift */ = {isa = PBXFileReference; fileEncoding = 4; lastKnownFileType = sourcecode.swift; path = PhotoView.swift; sourceTree = "<group>"; };
		EEEF54BC1ED4166B006905A3 /* SecurityTableViewController.swift */ = {isa = PBXFileReference; fileEncoding = 4; lastKnownFileType = sourcecode.swift; path = SecurityTableViewController.swift; sourceTree = "<group>"; };
		EEEF54BD1ED4166B006905A3 /* SecurityTableViewController.xib */ = {isa = PBXFileReference; fileEncoding = 4; lastKnownFileType = file.xib; path = SecurityTableViewController.xib; sourceTree = "<group>"; };
		EEEF54C01ED41C6B006905A3 /* SecurityTableViewCell.swift */ = {isa = PBXFileReference; fileEncoding = 4; lastKnownFileType = sourcecode.swift; path = SecurityTableViewCell.swift; sourceTree = "<group>"; };
		EEEF54C11ED41C6B006905A3 /* SecurityTableViewCell.xib */ = {isa = PBXFileReference; fileEncoding = 4; lastKnownFileType = file.xib; path = SecurityTableViewCell.xib; sourceTree = "<group>"; };
		EEEF54C41ED42C55006905A3 /* SecurityViewController.swift */ = {isa = PBXFileReference; fileEncoding = 4; lastKnownFileType = sourcecode.swift; path = SecurityViewController.swift; sourceTree = "<group>"; };
		EEEF54C51ED42C55006905A3 /* SecurityViewController.xib */ = {isa = PBXFileReference; fileEncoding = 4; lastKnownFileType = file.xib; path = SecurityViewController.xib; sourceTree = "<group>"; };
		EEF9DC551EC7EA6C0097AC77 /* AddressBookTableViewController.swift */ = {isa = PBXFileReference; fileEncoding = 4; lastKnownFileType = sourcecode.swift; path = AddressBookTableViewController.swift; sourceTree = "<group>"; };
		EEF9DC561EC7EA6C0097AC77 /* AddressBookTableViewController.xib */ = {isa = PBXFileReference; fileEncoding = 4; lastKnownFileType = file.xib; path = AddressBookTableViewController.xib; sourceTree = "<group>"; };
		EEF9DC591EC82BDC0097AC77 /* AddFamilyViewController.swift */ = {isa = PBXFileReference; fileEncoding = 4; lastKnownFileType = sourcecode.swift; path = AddFamilyViewController.swift; sourceTree = "<group>"; };
		EEF9DC5A1EC82BDC0097AC77 /* AddFamilyViewController.xib */ = {isa = PBXFileReference; fileEncoding = 4; lastKnownFileType = file.xib; path = AddFamilyViewController.xib; sourceTree = "<group>"; };
		EEF9DC5D1EC845540097AC77 /* FamilyViewController.swift */ = {isa = PBXFileReference; fileEncoding = 4; lastKnownFileType = sourcecode.swift; path = FamilyViewController.swift; sourceTree = "<group>"; };
		EEF9DC5E1EC845540097AC77 /* FamilyViewController.xib */ = {isa = PBXFileReference; fileEncoding = 4; lastKnownFileType = file.xib; path = FamilyViewController.xib; sourceTree = "<group>"; };
		F86256DB931E77C2A58C82C1 /* Pods-随心行.debug.xcconfig */ = {isa = PBXFileReference; includeInIndex = 1; lastKnownFileType = text.xcconfig; name = "Pods-随心行.debug.xcconfig"; path = "Pods/Target Support Files/Pods-随心行/Pods-随心行.debug.xcconfig"; sourceTree = "<group>"; };
/* End PBXFileReference section */

/* Begin PBXFrameworksBuildPhase section */
		EE7C35E91E95DBFC000481E2 /* Frameworks */ = {
			isa = PBXFrameworksBuildPhase;
			buildActionMask = 2147483647;
			files = (
				EE47172A1EC2C2BD00AB4CA4 /* GLKit.framework in Frameworks */,
				EE4717281EC2C2B700AB4CA4 /* Security.framework in Frameworks */,
				EE4717261EC2C2B100AB4CA4 /* libstdc++.6.0.9.tbd in Frameworks */,
				EE4717241EC2C2A600AB4CA4 /* libc++.tbd in Frameworks */,
				EE4717221EC2C29F00AB4CA4 /* libz.tbd in Frameworks */,
				EE4717201EC2C29A00AB4CA4 /* SystemConfiguration.framework in Frameworks */,
				EE47171E1EC2C29400AB4CA4 /* CoreTelephony.framework in Frameworks */,
				EE47171C1EC2C28E00AB4CA4 /* Foundation.framework in Frameworks */,
				EE4717141EC2C21E00AB4CA4 /* AMapNaviKit.framework in Frameworks */,
				EEADA01B1EC19DF3003867DC /* AVFoundation.framework in Frameworks */,
				EE4717161EC2C21E00AB4CA4 /* MAMapKit.framework in Frameworks */,
				EE4717151EC2C21E00AB4CA4 /* AMapSearchKit.framework in Frameworks */,
				EE4717131EC2C21E00AB4CA4 /* AMapFoundationKit.framework in Frameworks */,
				EE10A6EF1E9CD6DB0036B1E0 /* libsqlite3.0.tbd in Frameworks */,
				F510CAACD04BE977C9B70BD0 /* Pods____.framework in Frameworks */,
			);
			runOnlyForDeploymentPostprocessing = 0;
		};
/* End PBXFrameworksBuildPhase section */

/* Begin PBXGroup section */
		188FC6A85B7217340435CAF8 /* Pods */ = {
			isa = PBXGroup;
			children = (
				F86256DB931E77C2A58C82C1 /* Pods-随心行.debug.xcconfig */,
				87D42D50C237D5F863861812 /* Pods-随心行.release.xcconfig */,
			);
			name = Pods;
			sourceTree = "<group>";
		};
		72D4383772E4771526AEDD42 /* Frameworks */ = {
			isa = PBXGroup;
			children = (
				EE4717291EC2C2BD00AB4CA4 /* GLKit.framework */,
				EE4717271EC2C2B700AB4CA4 /* Security.framework */,
				EE4717251EC2C2B100AB4CA4 /* libstdc++.6.0.9.tbd */,
				EE4717231EC2C2A600AB4CA4 /* libc++.tbd */,
				EE4717211EC2C29F00AB4CA4 /* libz.tbd */,
				EE47171F1EC2C29A00AB4CA4 /* SystemConfiguration.framework */,
				EE47171D1EC2C29400AB4CA4 /* CoreTelephony.framework */,
				EE47171B1EC2C28E00AB4CA4 /* Foundation.framework */,
				EE47170F1EC2C21E00AB4CA4 /* AMapFoundationKit.framework */,
				EE4717101EC2C21E00AB4CA4 /* AMapNaviKit.framework */,
				EE4717111EC2C21E00AB4CA4 /* AMapSearchKit.framework */,
				EE4717121EC2C21E00AB4CA4 /* MAMapKit.framework */,
				EEADA01A1EC19DF3003867DC /* AVFoundation.framework */,
				EE10A6EE1E9CD6DB0036B1E0 /* libsqlite3.0.tbd */,
				4C7D6C9227326DC4F0CD900F /* Pods____.framework */,
			);
			name = Frameworks;
			sourceTree = "<group>";
		};
		EE2206C91EB85EB600885C15 /* HomeVC */ = {
			isa = PBXGroup;
			children = (
				EE2206D21EB85F8300885C15 /* MePeVC */,
				EE2206CD1EB85F6000885C15 /* MessPeVC */,
				EE2206CA1EB85F2800885C15 /* HomePeVC */,
			);
			path = HomeVC;
			sourceTree = "<group>";
		};
		EE2206CA1EB85F2800885C15 /* HomePeVC */ = {
			isa = PBXGroup;
			children = (
				EE2206CB1EB85F4600885C15 /* HomeViewController.swift */,
				EEADA0211EC1CAA8003867DC /* GPSNaviViewController.h */,
				EEADA0221EC1CAA8003867DC /* GPSNaviViewController.m */,
				EE47172B1EC2E6C100AB4CA4 /* HisTrajectoryViewController.swift */,
				EEF9DC551EC7EA6C0097AC77 /* AddressBookTableViewController.swift */,
				EEF9DC561EC7EA6C0097AC77 /* AddressBookTableViewController.xib */,
				EEF9DC591EC82BDC0097AC77 /* AddFamilyViewController.swift */,
				EEF9DC5A1EC82BDC0097AC77 /* AddFamilyViewController.xib */,
				EEF9DC5D1EC845540097AC77 /* FamilyViewController.swift */,
				EEF9DC5E1EC845540097AC77 /* FamilyViewController.xib */,
				EEEF54BC1ED4166B006905A3 /* SecurityTableViewController.swift */,
				EEEF54BD1ED4166B006905A3 /* SecurityTableViewController.xib */,
				EEEF54C41ED42C55006905A3 /* SecurityViewController.swift */,
				EEEF54C51ED42C55006905A3 /* SecurityViewController.xib */,
				EE2206DE1EB88D9D00885C15 /* VIEW */,
				EEA67B1C1EBECF94000AAE88 /* MODE */,
			);
			path = HomePeVC;
			sourceTree = "<group>";
		};
		EE2206CD1EB85F6000885C15 /* MessPeVC */ = {
			isa = PBXGroup;
			children = (
				EE2206CE1EB85F7400885C15 /* MessTableViewController.swift */,
				EE2206CF1EB85F7400885C15 /* MessTableViewController.xib */,
			);
			path = MessPeVC;
			sourceTree = "<group>";
		};
		EE2206D21EB85F8300885C15 /* MePeVC */ = {
			isa = PBXGroup;
			children = (
				EE2206D31EB85F9200885C15 /* MeTableViewController.swift */,
				EE2206D41EB85F9200885C15 /* MeTableViewController.xib */,
			);
			path = MePeVC;
			sourceTree = "<group>";
		};
		EE2206DE1EB88D9D00885C15 /* VIEW */ = {
			isa = PBXGroup;
			children = (
				EE2206DF1EB88DC000885C15 /* DeviceView.swift */,
				EE5D65D81EBD7FC10055B657 /* DeviceToolView.swift */,
				EEADA01E1EC1A470003867DC /* MoreMenuView.h */,
				EEADA01F1EC1A470003867DC /* MoreMenuView.m */,
				EEEF54C01ED41C6B006905A3 /* SecurityTableViewCell.swift */,
				EEEF54C11ED41C6B006905A3 /* SecurityTableViewCell.xib */,
				EE86580A1ED6A5D6006A950B /* SecurityView.swift */,
				EE47172D1EC3012C00AB4CA4 /* FSCalendar */,
			);
			path = VIEW;
			sourceTree = "<group>";
		};
		EE3E3BA11E97432E0065827E /* MainVC */ = {
			isa = PBXGroup;
			children = (
				EE2206C91EB85EB600885C15 /* HomeVC */,
				EE7CAD181EA5C5A400A40760 /* Device */,
				EE3E3BA31E9743C40065827E /* NavVC */,
				EE3E3BA21E9743690065827E /* LoginVC */,
			);
			path = MainVC;
			sourceTree = "<group>";
		};
		EE3E3BA21E9743690065827E /* LoginVC */ = {
			isa = PBXGroup;
			children = (
				EE3E3BA61E9764C40065827E /* LoginViewController.swift */,
				EE3E3BA71E9764C40065827E /* LoginViewController.xib */,
				EE3E3BAA1E979FE20065827E /* ResignViewController.swift */,
				EE3E3BAB1E979FE20065827E /* ResignViewController.xib */,
				EE7634291EA9FA4A0043FEC3 /* RelationViewController.swift */,
				EE76342A1EA9FA4A0043FEC3 /* RelationViewController.xib */,
				EEE3A0661EAEE7BB00E75FC2 /* DeviceInfoViewController.swift */,
				EEE3A0671EAEE7BB00E75FC2 /* DeviceInfoViewController.xib */,
				EEC3D5591EAF5B67009E9C09 /* SelectPhotoCollectionViewController.swift */,
				EEC3D55A1EAF5B68009E9C09 /* SelectPhotoCollectionViewController.xib */,
				EEE3A06A1EAEEEAD00E75FC2 /* View */,
			);
			path = LoginVC;
			sourceTree = "<group>";
		};
		EE3E3BA31E9743C40065827E /* NavVC */ = {
			isa = PBXGroup;
			children = (
				EE3E3BA41E9744220065827E /* NavViewController.swift */,
			);
			path = NavVC;
			sourceTree = "<group>";
		};
		EE47172D1EC3012C00AB4CA4 /* FSCalendar */ = {
			isa = PBXGroup;
			children = (
				EE47172E1EC3018B00AB4CA4 /* FSCalendar.h */,
				EE47172F1EC3018B00AB4CA4 /* FSCalendar.m */,
				EE4717301EC3018B00AB4CA4 /* FSCalendarHeader.h */,
				EE4717311EC3018B00AB4CA4 /* FSCalendarHeader.m */,
				EE4717321EC3018B00AB4CA4 /* FSCalendarPage.h */,
				EE4717331EC3018B00AB4CA4 /* FSCalendarPage.m */,
				EE4717341EC3018B00AB4CA4 /* FSCalendarUnit.h */,
				EE4717351EC3018B00AB4CA4 /* FSCalendarUnit.m */,
				EE4717361EC3018B00AB4CA4 /* NSDate+FSExtension.h */,
				EE4717371EC3018B00AB4CA4 /* NSDate+FSExtension.m */,
				EE4717381EC3018B00AB4CA4 /* UIScrollView+FSExtension.h */,
				EE4717391EC3018B00AB4CA4 /* UIScrollView+FSExtension.m */,
				EE47173A1EC3018B00AB4CA4 /* UIView+FSExtension.h */,
				EE47173B1EC3018B00AB4CA4 /* UIView+FSExtension.m */,
			);
			path = FSCalendar;
			sourceTree = "<group>";
		};
		EE7C35E31E95DBFC000481E2 = {
			isa = PBXGroup;
			children = (
				EE4717191EC2C27100AB4CA4 /* AMap.bundle */,
				EE4717171EC2C26500AB4CA4 /* AMapNavi.bundle */,
				EE7C35EE1E95DBFC000481E2 /* 随心行 */,
				EE7C35ED1E95DBFC000481E2 /* Products */,
				188FC6A85B7217340435CAF8 /* Pods */,
				72D4383772E4771526AEDD42 /* Frameworks */,
			);
			sourceTree = "<group>";
		};
		EE7C35ED1E95DBFC000481E2 /* Products */ = {
			isa = PBXGroup;
			children = (
				EE7C35EC1E95DBFC000481E2 /* 随心行.app */,
			);
			name = Products;
			sourceTree = "<group>";
		};
		EE7C35EE1E95DBFC000481E2 /* 随心行 */ = {
			isa = PBXGroup;
			children = (
				EE7C35EF1E95DBFC000481E2 /* AppDelegate.swift */,
				EE7C35F11E95DBFC000481E2 /* ViewController.swift */,
				EE3E3BA11E97432E0065827E /* MainVC */,
				EE7C35F31E95DBFC000481E2 /* Main.storyboard */,
				EE7C36071E96158E000481E2 /* 全局方法 */,
				EEAA30A31E98DA8400D92A32 /* OC */,
				EE7C35F61E95DBFC000481E2 /* Assets.xcassets */,
				EE7C35F81E95DBFC000481E2 /* LaunchScreen.storyboard */,
				EE7C36011E95E193000481E2 /* PrefixHeader.pch */,
				EE7C36031E95EBBB000481E2 /* File.swift */,
				EE7C35FB1E95DBFC000481E2 /* Info.plist */,
				EE7C360C1E9621A8000481E2 /* Localizable.strings */,
				EE2206DC1EB8894200885C15 /* officialDemoSwift-Bridging-Header.h */,
			);
			path = "随心行";
			sourceTree = "<group>";
		};
		EE7C36071E96158E000481E2 /* 全局方法 */ = {
			isa = PBXGroup;
			children = (
				EE7C36081E9615BD000481E2 /* LocalizeableInfo.swift */,
				EEE1A32B1E98853A00E90096 /* Defaultinfos.swift */,
				EEAA30A01E98BB4900D92A32 /* MyHttpSessionMar.swift */,
				EE10A6EC1E9CD5FE0036B1E0 /* UserInfo.swift */,
				EE10A6EA1E9CD5C40036B1E0 /* FMDbase.swift */,
			);
			path = "全局方法";
			sourceTree = "<group>";
		};
		EE7CAD181EA5C5A400A40760 /* Device */ = {
			isa = PBXGroup;
			children = (
				EE7CAD191EA5C5CB00A40760 /* BandDeviceViewController.swift */,
				EE7CAD1A1EA5C5CB00A40760 /* BandDeviceViewController.xib */,
				EE7CAD1D1EA5E40C00A40760 /* ScanCodeViewController.swift */,
			);
			path = Device;
			sourceTree = "<group>";
		};
		EEA67B1C1EBECF94000AAE88 /* MODE */ = {
			isa = PBXGroup;
			children = (
				EEA67B1D1EBECFBF000AAE88 /* DrawMap.swift */,
				EEADA0241EC1CABE003867DC /* SpeechSynthesizer.h */,
				EEADA0251EC1CABE003867DC /* SpeechSynthesizer.m */,
			);
			path = MODE;
			sourceTree = "<group>";
		};
		EEAA30A31E98DA8400D92A32 /* OC */ = {
			isa = PBXGroup;
			children = (
				EEAA30A41E98DABB00D92A32 /* MBProgressHUD */,
			);
			path = OC;
			sourceTree = "<group>";
		};
		EEAA30A41E98DABB00D92A32 /* MBProgressHUD */ = {
			isa = PBXGroup;
			children = (
				EEAA30A51E98DABB00D92A32 /* MBProgressHUD+MJ.h */,
				EEAA30A61E98DABB00D92A32 /* MBProgressHUD+MJ.m */,
				EEAA30A71E98DABB00D92A32 /* MBProgressHUD.bundle */,
				EEAA30A81E98DABB00D92A32 /* MBProgressHUD.h */,
				EEAA30A91E98DABB00D92A32 /* MBProgressHUD.m */,
			);
			path = MBProgressHUD;
			sourceTree = "<group>";
		};
		EEE3A06A1EAEEEAD00E75FC2 /* View */ = {
			isa = PBXGroup;
			children = (
				EEE3A06B1EAEEEC600E75FC2 /* PhotoView.swift */,
				EEC3D55D1EAF5BA8009E9C09 /* PhotoCollectionViewCell.swift */,
				EEC3D55E1EAF5BA8009E9C09 /* PhotoCollectionViewCell.xib */,
			);
			path = View;
			sourceTree = "<group>";
		};
/* End PBXGroup section */

/* Begin PBXNativeTarget section */
		EE7C35EB1E95DBFC000481E2 /* 随心行 */ = {
			isa = PBXNativeTarget;
			buildConfigurationList = EE7C35FE1E95DBFC000481E2 /* Build configuration list for PBXNativeTarget "随心行" */;
			buildPhases = (
				5E220776C562D1CB91927769 /* [CP] Check Pods Manifest.lock */,
				EE7C35E81E95DBFC000481E2 /* Sources */,
				EE7C35E91E95DBFC000481E2 /* Frameworks */,
				EE7C35EA1E95DBFC000481E2 /* Resources */,
				E74C491DC5EEF07E52FAD160 /* [CP] Embed Pods Frameworks */,
				019C9B3E33DBB420B3BA2BEB /* [CP] Copy Pods Resources */,
			);
			buildRules = (
			);
			dependencies = (
			);
			name = "随心行";
			productName = "随心行";
			productReference = EE7C35EC1E95DBFC000481E2 /* 随心行.app */;
			productType = "com.apple.product-type.application";
		};
/* End PBXNativeTarget section */

/* Begin PBXProject section */
		EE7C35E41E95DBFC000481E2 /* Project object */ = {
			isa = PBXProject;
			attributes = {
				LastSwiftUpdateCheck = 0820;
				LastUpgradeCheck = 0820;
				ORGANIZATIONNAME = SMA;
				TargetAttributes = {
					EE7C35EB1E95DBFC000481E2 = {
						CreatedOnToolsVersion = 8.2.1;
						DevelopmentTeam = VHVLE5FL92;
						ProvisioningStyle = Manual;
						SystemCapabilities = {
							com.apple.BackgroundModes = {
								enabled = 1;
							};
						};
					};
				};
			};
			buildConfigurationList = EE7C35E71E95DBFC000481E2 /* Build configuration list for PBXProject "随心行" */;
			compatibilityVersion = "Xcode 3.2";
			developmentRegion = English;
			hasScannedForEncodings = 0;
			knownRegions = (
				en,
				Base,
			);
			mainGroup = EE7C35E31E95DBFC000481E2;
			productRefGroup = EE7C35ED1E95DBFC000481E2 /* Products */;
			projectDirPath = "";
			projectRoot = "";
			targets = (
				EE7C35EB1E95DBFC000481E2 /* 随心行 */,
			);
		};
/* End PBXProject section */

/* Begin PBXResourcesBuildPhase section */
		EE7C35EA1E95DBFC000481E2 /* Resources */ = {
			isa = PBXResourcesBuildPhase;
			buildActionMask = 2147483647;
			files = (
				EEF9DC5C1EC82BDC0097AC77 /* AddFamilyViewController.xib in Resources */,
				EE47171A1EC2C27100AB4CA4 /* AMap.bundle in Resources */,
				EE4717181EC2C26500AB4CA4 /* AMapNavi.bundle in Resources */,
				EE76342C1EA9FA4A0043FEC3 /* RelationViewController.xib in Resources */,
				EE2206D61EB85F9200885C15 /* MeTableViewController.xib in Resources */,
				EE3E3BA91E9764C40065827E /* LoginViewController.xib in Resources */,
				EE7CAD1C1EA5C5CB00A40760 /* BandDeviceViewController.xib in Resources */,
				EE7C35FA1E95DBFC000481E2 /* LaunchScreen.storyboard in Resources */,
				EEEF54C71ED42C55006905A3 /* SecurityViewController.xib in Resources */,
				EEE3A0691EAEE7BB00E75FC2 /* DeviceInfoViewController.xib in Resources */,
				EEF9DC601EC845540097AC77 /* FamilyViewController.xib in Resources */,
				EEEF54C31ED41C6B006905A3 /* SecurityTableViewCell.xib in Resources */,
				EE3E3BAD1E979FE20065827E /* ResignViewController.xib in Resources */,
				EEEF54BF1ED4166B006905A3 /* SecurityTableViewController.xib in Resources */,
				EE7C360A1E9621A8000481E2 /* Localizable.strings in Resources */,
				EE7C35F71E95DBFC000481E2 /* Assets.xcassets in Resources */,
				EEC3D55C1EAF5B68009E9C09 /* SelectPhotoCollectionViewController.xib in Resources */,
				EEC3D5601EAF5BA8009E9C09 /* PhotoCollectionViewCell.xib in Resources */,
				EE2206D11EB85F7400885C15 /* MessTableViewController.xib in Resources */,
				EEF9DC581EC7EA6C0097AC77 /* AddressBookTableViewController.xib in Resources */,
				EE7C35F51E95DBFC000481E2 /* Main.storyboard in Resources */,
				EEAA30AB1E98DABB00D92A32 /* MBProgressHUD.bundle in Resources */,
			);
			runOnlyForDeploymentPostprocessing = 0;
		};
/* End PBXResourcesBuildPhase section */

/* Begin PBXShellScriptBuildPhase section */
		019C9B3E33DBB420B3BA2BEB /* [CP] Copy Pods Resources */ = {
			isa = PBXShellScriptBuildPhase;
			buildActionMask = 2147483647;
			files = (
			);
			inputPaths = (
			);
			name = "[CP] Copy Pods Resources";
			outputPaths = (
			);
			runOnlyForDeploymentPostprocessing = 0;
			shellPath = /bin/sh;
			shellScript = "\"${SRCROOT}/Pods/Target Support Files/Pods-随心行/Pods-随心行-resources.sh\"\n";
			showEnvVarsInLog = 0;
		};
		5E220776C562D1CB91927769 /* [CP] Check Pods Manifest.lock */ = {
			isa = PBXShellScriptBuildPhase;
			buildActionMask = 2147483647;
			files = (
			);
			inputPaths = (
			);
			name = "[CP] Check Pods Manifest.lock";
			outputPaths = (
			);
			runOnlyForDeploymentPostprocessing = 0;
			shellPath = /bin/sh;
			shellScript = "diff \"${PODS_ROOT}/../Podfile.lock\" \"${PODS_ROOT}/Manifest.lock\" > /dev/null\nif [ $? != 0 ] ; then\n    # print error to STDERR\n    echo \"error: The sandbox is not in sync with the Podfile.lock. Run 'pod install' or update your CocoaPods installation.\" >&2\n    exit 1\nfi\n";
			showEnvVarsInLog = 0;
		};
		E74C491DC5EEF07E52FAD160 /* [CP] Embed Pods Frameworks */ = {
			isa = PBXShellScriptBuildPhase;
			buildActionMask = 2147483647;
			files = (
			);
			inputPaths = (
			);
			name = "[CP] Embed Pods Frameworks";
			outputPaths = (
			);
			runOnlyForDeploymentPostprocessing = 0;
			shellPath = /bin/sh;
			shellScript = "\"${SRCROOT}/Pods/Target Support Files/Pods-随心行/Pods-随心行-frameworks.sh\"\n";
			showEnvVarsInLog = 0;
		};
/* End PBXShellScriptBuildPhase section */

/* Begin PBXSourcesBuildPhase section */
		EE7C35E81E95DBFC000481E2 /* Sources */ = {
			isa = PBXSourcesBuildPhase;
			buildActionMask = 2147483647;
			files = (
				EE86580B1ED6A5D7006A950B /* SecurityView.swift in Sources */,
				EEC3D55B1EAF5B68009E9C09 /* SelectPhotoCollectionViewController.swift in Sources */,
				EEADA0231EC1CAA8003867DC /* GPSNaviViewController.m in Sources */,
				EEC3D55F1EAF5BA8009E9C09 /* PhotoCollectionViewCell.swift in Sources */,
				EE3E3BA81E9764C40065827E /* LoginViewController.swift in Sources */,
				EE4717401EC3018B00AB4CA4 /* NSDate+FSExtension.m in Sources */,
				EE47173F1EC3018B00AB4CA4 /* FSCalendarUnit.m in Sources */,
				EEEF54BE1ED4166B006905A3 /* SecurityTableViewController.swift in Sources */,
				EEE1A32C1E98853A00E90096 /* Defaultinfos.swift in Sources */,
				EEEF54C61ED42C55006905A3 /* SecurityViewController.swift in Sources */,
				EE7C36091E9615BD000481E2 /* LocalizeableInfo.swift in Sources */,
				EE2206CC1EB85F4600885C15 /* HomeViewController.swift in Sources */,
				EEADA0201EC1A470003867DC /* MoreMenuView.m in Sources */,
				EE47173C1EC3018B00AB4CA4 /* FSCalendar.m in Sources */,
				EE47173D1EC3018B00AB4CA4 /* FSCalendarHeader.m in Sources */,
				EE47172C1EC2E6C200AB4CA4 /* HisTrajectoryViewController.swift in Sources */,
				EE5D65D91EBD7FC10055B657 /* DeviceToolView.swift in Sources */,
				EEF9DC5F1EC845540097AC77 /* FamilyViewController.swift in Sources */,
				EEE3A06C1EAEEEC600E75FC2 /* PhotoView.swift in Sources */,
				EEADA0261EC1CABE003867DC /* SpeechSynthesizer.m in Sources */,
				EE7CAD1B1EA5C5CB00A40760 /* BandDeviceViewController.swift in Sources */,
				EEF9DC571EC7EA6C0097AC77 /* AddressBookTableViewController.swift in Sources */,
				EE76342B1EA9FA4A0043FEC3 /* RelationViewController.swift in Sources */,
				EE2206D01EB85F7400885C15 /* MessTableViewController.swift in Sources */,
				EE3E3BAC1E979FE20065827E /* ResignViewController.swift in Sources */,
				EEAA30AC1E98DABB00D92A32 /* MBProgressHUD.m in Sources */,
				EE3E3BA51E9744220065827E /* NavViewController.swift in Sources */,
				EE7CAD1E1EA5E40C00A40760 /* ScanCodeViewController.swift in Sources */,
				EE2206E01EB88DC000885C15 /* DeviceView.swift in Sources */,
				EE4717421EC3018B00AB4CA4 /* UIView+FSExtension.m in Sources */,
				EE10A6EB1E9CD5C40036B1E0 /* FMDbase.swift in Sources */,
				EE7C35F21E95DBFC000481E2 /* ViewController.swift in Sources */,
				EEF9DC5B1EC82BDC0097AC77 /* AddFamilyViewController.swift in Sources */,
				EE10A6ED1E9CD5FE0036B1E0 /* UserInfo.swift in Sources */,
				EEAA30AA1E98DABB00D92A32 /* MBProgressHUD+MJ.m in Sources */,
				EE47173E1EC3018B00AB4CA4 /* FSCalendarPage.m in Sources */,
				EEA67B1E1EBECFBF000AAE88 /* DrawMap.swift in Sources */,
				EE2206D51EB85F9200885C15 /* MeTableViewController.swift in Sources */,
				EEAA30A11E98BB4900D92A32 /* MyHttpSessionMar.swift in Sources */,
				EEEF54C21ED41C6B006905A3 /* SecurityTableViewCell.swift in Sources */,
				EE7C36041E95EBBB000481E2 /* File.swift in Sources */,
				EEE3A0681EAEE7BB00E75FC2 /* DeviceInfoViewController.swift in Sources */,
				EE4717411EC3018B00AB4CA4 /* UIScrollView+FSExtension.m in Sources */,
				EE7C35F01E95DBFC000481E2 /* AppDelegate.swift in Sources */,
			);
			runOnlyForDeploymentPostprocessing = 0;
		};
/* End PBXSourcesBuildPhase section */

/* Begin PBXVariantGroup section */
		EE7C35F31E95DBFC000481E2 /* Main.storyboard */ = {
			isa = PBXVariantGroup;
			children = (
				EE7C35F41E95DBFC000481E2 /* Base */,
			);
			name = Main.storyboard;
			sourceTree = "<group>";
		};
		EE7C35F81E95DBFC000481E2 /* LaunchScreen.storyboard */ = {
			isa = PBXVariantGroup;
			children = (
				EE7C35F91E95DBFC000481E2 /* Base */,
			);
			name = LaunchScreen.storyboard;
			sourceTree = "<group>";
		};
		EE7C360C1E9621A8000481E2 /* Localizable.strings */ = {
			isa = PBXVariantGroup;
			children = (
				EE7C360B1E9621A8000481E2 /* en */,
			);
			name = Localizable.strings;
			sourceTree = "<group>";
		};
/* End PBXVariantGroup section */

/* Begin XCBuildConfiguration section */
		EE7C35FC1E95DBFC000481E2 /* Debug */ = {
			isa = XCBuildConfiguration;
			buildSettings = {
				ALWAYS_SEARCH_USER_PATHS = NO;
				CLANG_ANALYZER_NONNULL = YES;
				CLANG_CXX_LANGUAGE_STANDARD = "gnu++0x";
				CLANG_CXX_LIBRARY = "libc++";
				CLANG_ENABLE_MODULES = YES;
				CLANG_ENABLE_OBJC_ARC = YES;
				CLANG_WARN_BOOL_CONVERSION = YES;
				CLANG_WARN_CONSTANT_CONVERSION = YES;
				CLANG_WARN_DIRECT_OBJC_ISA_USAGE = YES_ERROR;
				CLANG_WARN_DOCUMENTATION_COMMENTS = YES;
				CLANG_WARN_EMPTY_BODY = YES;
				CLANG_WARN_ENUM_CONVERSION = YES;
				CLANG_WARN_INFINITE_RECURSION = YES;
				CLANG_WARN_INT_CONVERSION = YES;
				CLANG_WARN_OBJC_ROOT_CLASS = YES_ERROR;
				CLANG_WARN_SUSPICIOUS_MOVE = YES;
				CLANG_WARN_UNREACHABLE_CODE = YES;
				CLANG_WARN__DUPLICATE_METHOD_MATCH = YES;
				"CODE_SIGN_IDENTITY[sdk=iphoneos*]" = "iPhone Developer";
				COPY_PHASE_STRIP = NO;
				DEBUG_INFORMATION_FORMAT = dwarf;
				ENABLE_STRICT_OBJC_MSGSEND = YES;
				ENABLE_TESTABILITY = YES;
				GCC_C_LANGUAGE_STANDARD = gnu99;
				GCC_DYNAMIC_NO_PIC = NO;
				GCC_NO_COMMON_BLOCKS = YES;
				GCC_OPTIMIZATION_LEVEL = 0;
				GCC_PREPROCESSOR_DEFINITIONS = (
					"DEBUG=1",
					"$(inherited)",
				);
				GCC_WARN_64_TO_32_BIT_CONVERSION = YES;
				GCC_WARN_ABOUT_RETURN_TYPE = YES_ERROR;
				GCC_WARN_UNDECLARED_SELECTOR = YES;
				GCC_WARN_UNINITIALIZED_AUTOS = YES_AGGRESSIVE;
				GCC_WARN_UNUSED_FUNCTION = YES;
				GCC_WARN_UNUSED_VARIABLE = YES;
				IPHONEOS_DEPLOYMENT_TARGET = 8.0;
				MTL_ENABLE_DEBUG_INFO = YES;
				ONLY_ACTIVE_ARCH = YES;
				SDKROOT = iphoneos;
				SWIFT_ACTIVE_COMPILATION_CONDITIONS = DEBUG;
				SWIFT_OPTIMIZATION_LEVEL = "-Onone";
			};
			name = Debug;
		};
		EE7C35FD1E95DBFC000481E2 /* Release */ = {
			isa = XCBuildConfiguration;
			buildSettings = {
				ALWAYS_SEARCH_USER_PATHS = NO;
				CLANG_ANALYZER_NONNULL = YES;
				CLANG_CXX_LANGUAGE_STANDARD = "gnu++0x";
				CLANG_CXX_LIBRARY = "libc++";
				CLANG_ENABLE_MODULES = YES;
				CLANG_ENABLE_OBJC_ARC = YES;
				CLANG_WARN_BOOL_CONVERSION = YES;
				CLANG_WARN_CONSTANT_CONVERSION = YES;
				CLANG_WARN_DIRECT_OBJC_ISA_USAGE = YES_ERROR;
				CLANG_WARN_DOCUMENTATION_COMMENTS = YES;
				CLANG_WARN_EMPTY_BODY = YES;
				CLANG_WARN_ENUM_CONVERSION = YES;
				CLANG_WARN_INFINITE_RECURSION = YES;
				CLANG_WARN_INT_CONVERSION = YES;
				CLANG_WARN_OBJC_ROOT_CLASS = YES_ERROR;
				CLANG_WARN_SUSPICIOUS_MOVE = YES;
				CLANG_WARN_UNREACHABLE_CODE = YES;
				CLANG_WARN__DUPLICATE_METHOD_MATCH = YES;
				"CODE_SIGN_IDENTITY[sdk=iphoneos*]" = "iPhone Developer";
				COPY_PHASE_STRIP = NO;
				DEBUG_INFORMATION_FORMAT = "dwarf-with-dsym";
				ENABLE_NS_ASSERTIONS = NO;
				ENABLE_STRICT_OBJC_MSGSEND = YES;
				GCC_C_LANGUAGE_STANDARD = gnu99;
				GCC_NO_COMMON_BLOCKS = YES;
				GCC_WARN_64_TO_32_BIT_CONVERSION = YES;
				GCC_WARN_ABOUT_RETURN_TYPE = YES_ERROR;
				GCC_WARN_UNDECLARED_SELECTOR = YES;
				GCC_WARN_UNINITIALIZED_AUTOS = YES_AGGRESSIVE;
				GCC_WARN_UNUSED_FUNCTION = YES;
				GCC_WARN_UNUSED_VARIABLE = YES;
				IPHONEOS_DEPLOYMENT_TARGET = 8.0;
				MTL_ENABLE_DEBUG_INFO = NO;
				SDKROOT = iphoneos;
				SWIFT_OPTIMIZATION_LEVEL = "-Owholemodule";
				VALIDATE_PRODUCT = YES;
			};
			name = Release;
		};
		EE7C35FF1E95DBFC000481E2 /* Debug */ = {
			isa = XCBuildConfiguration;
			baseConfigurationReference = F86256DB931E77C2A58C82C1 /* Pods-随心行.debug.xcconfig */;
			buildSettings = {
				ASSETCATALOG_COMPILER_APPICON_NAME = AppIcon;
				DEVELOPMENT_TEAM = VHVLE5FL92;
				FRAMEWORK_SEARCH_PATHS = (
					"$(inherited)",
					"$(PROJECT_DIR)",
					"$(PROJECT_DIR)/随心行",
				);
				GCC_PRECOMPILE_PREFIX_HEADER = NO;
				GCC_PREFIX_HEADER = "$(SRCROOT)/$(PROJECT_NAME)/PrefixHeader.pch";
				INFOPLIST_FILE = "随心行/Info.plist";
				IPHONEOS_DEPLOYMENT_TARGET = 8.0;
				LD_RUNPATH_SEARCH_PATHS = "$(inherited) @executable_path/Frameworks";
				PRODUCT_BUNDLE_IDENTIFIER = com.smawatch.xuixin;
				PRODUCT_NAME = "$(TARGET_NAME)";
				PROVISIONING_PROFILE = "59433a92-8d52-438f-8188-9853d2426713";
				PROVISIONING_PROFILE_SPECIFIER = All_development_text;
				SWIFT_OBJC_BRIDGING_HEADER = "$(SRCROOT)/$(PROJECT_NAME)/officialDemoSwift-Bridging-Header.h";
				SWIFT_VERSION = 3.0;
			};
			name = Debug;
		};
		EE7C36001E95DBFC000481E2 /* Release */ = {
			isa = XCBuildConfiguration;
			baseConfigurationReference = 87D42D50C237D5F863861812 /* Pods-随心行.release.xcconfig */;
			buildSettings = {
				ASSETCATALOG_COMPILER_APPICON_NAME = AppIcon;
				DEVELOPMENT_TEAM = VHVLE5FL92;
				FRAMEWORK_SEARCH_PATHS = (
					"$(inherited)",
					"$(PROJECT_DIR)",
					"$(PROJECT_DIR)/随心行",
				);
				GCC_PRECOMPILE_PREFIX_HEADER = NO;
				GCC_PREFIX_HEADER = "$(SRCROOT)/$(PROJECT_NAME)/PrefixHeader.pch";
				INFOPLIST_FILE = "随心行/Info.plist";
				IPHONEOS_DEPLOYMENT_TARGET = 8.0;
				LD_RUNPATH_SEARCH_PATHS = "$(inherited) @executable_path/Frameworks";
				PRODUCT_BUNDLE_IDENTIFIER = com.smawatch.xuixin;
				PRODUCT_NAME = "$(TARGET_NAME)";
				PROVISIONING_PROFILE = "59433a92-8d52-438f-8188-9853d2426713";
				PROVISIONING_PROFILE_SPECIFIER = All_development_text;
				SWIFT_OBJC_BRIDGING_HEADER = "$(SRCROOT)/$(PROJECT_NAME)/officialDemoSwift-Bridging-Header.h";
				SWIFT_VERSION = 3.0;
			};
			name = Release;
		};
/* End XCBuildConfiguration section */

/* Begin XCConfigurationList section */
		EE7C35E71E95DBFC000481E2 /* Build configuration list for PBXProject "随心行" */ = {
			isa = XCConfigurationList;
			buildConfigurations = (
				EE7C35FC1E95DBFC000481E2 /* Debug */,
				EE7C35FD1E95DBFC000481E2 /* Release */,
			);
			defaultConfigurationIsVisible = 0;
			defaultConfigurationName = Release;
		};
		EE7C35FE1E95DBFC000481E2 /* Build configuration list for PBXNativeTarget "随心行" */ = {
			isa = XCConfigurationList;
			buildConfigurations = (
				EE7C35FF1E95DBFC000481E2 /* Debug */,
				EE7C36001E95DBFC000481E2 /* Release */,
			);
			defaultConfigurationIsVisible = 0;
			defaultConfigurationName = Release;
		};
/* End XCConfigurationList section */
	};
	rootObject = EE7C35E41E95DBFC000481E2 /* Project object */;
}
