// !$*UTF8*$!
{
	archiveVersion = 1;
	classes = {
	};
	objectVersion = 46;
	objects = {

/* Begin PBXBuildFile section */
		EE3E3BA51E9744220065827E /* NavViewController.swift in Sources */ = {isa = PBXBuildFile; fileRef = EE3E3BA41E9744220065827E /* NavViewController.swift */; };
		EE3E3BA81E9764C40065827E /* LoginViewController.swift in Sources */ = {isa = PBXBuildFile; fileRef = EE3E3BA61E9764C40065827E /* LoginViewController.swift */; };
		EE3E3BA91E9764C40065827E /* LoginViewController.xib in Resources */ = {isa = PBXBuildFile; fileRef = EE3E3BA71E9764C40065827E /* LoginViewController.xib */; };
		EE3E3BAC1E979FE20065827E /* ResignViewController.swift in Sources */ = {isa = PBXBuildFile; fileRef = EE3E3BAA1E979FE20065827E /* ResignViewController.swift */; };
		EE3E3BAD1E979FE20065827E /* ResignViewController.xib in Resources */ = {isa = PBXBuildFile; fileRef = EE3E3BAB1E979FE20065827E /* ResignViewController.xib */; };
		EE7C35F01E95DBFC000481E2 /* AppDelegate.swift in Sources */ = {isa = PBXBuildFile; fileRef = EE7C35EF1E95DBFC000481E2 /* AppDelegate.swift */; };
		EE7C35F21E95DBFC000481E2 /* ViewController.swift in Sources */ = {isa = PBXBuildFile; fileRef = EE7C35F11E95DBFC000481E2 /* ViewController.swift */; };
		EE7C35F51E95DBFC000481E2 /* Main.storyboard in Resources */ = {isa = PBXBuildFile; fileRef = EE7C35F31E95DBFC000481E2 /* Main.storyboard */; };
		EE7C35F71E95DBFC000481E2 /* Assets.xcassets in Resources */ = {isa = PBXBuildFile; fileRef = EE7C35F61E95DBFC000481E2 /* Assets.xcassets */; };
		EE7C35FA1E95DBFC000481E2 /* LaunchScreen.storyboard in Resources */ = {isa = PBXBuildFile; fileRef = EE7C35F81E95DBFC000481E2 /* LaunchScreen.storyboard */; };
		EE7C36041E95EBBB000481E2 /* File.swift in Sources */ = {isa = PBXBuildFile; fileRef = EE7C36031E95EBBB000481E2 /* File.swift */; };
		EE7C36091E9615BD000481E2 /* LocalizeableInfo.swift in Sources */ = {isa = PBXBuildFile; fileRef = EE7C36081E9615BD000481E2 /* LocalizeableInfo.swift */; };
		EE7C360A1E9621A8000481E2 /* Localizable.strings in Resources */ = {isa = PBXBuildFile; fileRef = EE7C360C1E9621A8000481E2 /* Localizable.strings */; };
		EEAA30A11E98BB4900D92A32 /* MyHttpSessionMar.swift in Sources */ = {isa = PBXBuildFile; fileRef = EEAA30A01E98BB4900D92A32 /* MyHttpSessionMar.swift */; };
		EEAA30AA1E98DABB00D92A32 /* MBProgressHUD+MJ.m in Sources */ = {isa = PBXBuildFile; fileRef = EEAA30A61E98DABB00D92A32 /* MBProgressHUD+MJ.m */; };
		EEAA30AB1E98DABB00D92A32 /* MBProgressHUD.bundle in Resources */ = {isa = PBXBuildFile; fileRef = EEAA30A71E98DABB00D92A32 /* MBProgressHUD.bundle */; };
		EEAA30AC1E98DABB00D92A32 /* MBProgressHUD.m in Sources */ = {isa = PBXBuildFile; fileRef = EEAA30A91E98DABB00D92A32 /* MBProgressHUD.m */; };
		EEE1A32C1E98853A00E90096 /* Defaultinfos.swift in Sources */ = {isa = PBXBuildFile; fileRef = EEE1A32B1E98853A00E90096 /* Defaultinfos.swift */; };
		F510CAACD04BE977C9B70BD0 /* Pods____.framework in Frameworks */ = {isa = PBXBuildFile; fileRef = 4C7D6C9227326DC4F0CD900F /* Pods____.framework */; };
/* End PBXBuildFile section */

/* Begin PBXFileReference section */
		4C7D6C9227326DC4F0CD900F /* Pods____.framework */ = {isa = PBXFileReference; explicitFileType = wrapper.framework; includeInIndex = 0; path = "Pods____.framework"; sourceTree = BUILT_PRODUCTS_DIR; };
		87D42D50C237D5F863861812 /* Pods-随心行.release.xcconfig */ = {isa = PBXFileReference; includeInIndex = 1; lastKnownFileType = text.xcconfig; name = "Pods-随心行.release.xcconfig"; path = "Pods/Target Support Files/Pods-随心行/Pods-随心行.release.xcconfig"; sourceTree = "<group>"; };
		EE3E3BA41E9744220065827E /* NavViewController.swift */ = {isa = PBXFileReference; fileEncoding = 4; lastKnownFileType = sourcecode.swift; path = NavViewController.swift; sourceTree = "<group>"; };
		EE3E3BA61E9764C40065827E /* LoginViewController.swift */ = {isa = PBXFileReference; fileEncoding = 4; lastKnownFileType = sourcecode.swift; path = LoginViewController.swift; sourceTree = "<group>"; };
		EE3E3BA71E9764C40065827E /* LoginViewController.xib */ = {isa = PBXFileReference; fileEncoding = 4; lastKnownFileType = file.xib; path = LoginViewController.xib; sourceTree = "<group>"; };
		EE3E3BAA1E979FE20065827E /* ResignViewController.swift */ = {isa = PBXFileReference; fileEncoding = 4; lastKnownFileType = sourcecode.swift; path = ResignViewController.swift; sourceTree = "<group>"; };
		EE3E3BAB1E979FE20065827E /* ResignViewController.xib */ = {isa = PBXFileReference; fileEncoding = 4; lastKnownFileType = file.xib; path = ResignViewController.xib; sourceTree = "<group>"; };
		EE7C35EC1E95DBFC000481E2 /* 随心行.app */ = {isa = PBXFileReference; explicitFileType = wrapper.application; includeInIndex = 0; path = "随心行.app"; sourceTree = BUILT_PRODUCTS_DIR; };
		EE7C35EF1E95DBFC000481E2 /* AppDelegate.swift */ = {isa = PBXFileReference; lastKnownFileType = sourcecode.swift; path = AppDelegate.swift; sourceTree = "<group>"; };
		EE7C35F11E95DBFC000481E2 /* ViewController.swift */ = {isa = PBXFileReference; lastKnownFileType = sourcecode.swift; path = ViewController.swift; sourceTree = "<group>"; };
		EE7C35F41E95DBFC000481E2 /* Base */ = {isa = PBXFileReference; lastKnownFileType = file.storyboard; name = Base; path = Base.lproj/Main.storyboard; sourceTree = "<group>"; };
		EE7C35F61E95DBFC000481E2 /* Assets.xcassets */ = {isa = PBXFileReference; lastKnownFileType = folder.assetcatalog; path = Assets.xcassets; sourceTree = "<group>"; };
		EE7C35F91E95DBFC000481E2 /* Base */ = {isa = PBXFileReference; lastKnownFileType = file.storyboard; name = Base; path = Base.lproj/LaunchScreen.storyboard; sourceTree = "<group>"; };
		EE7C35FB1E95DBFC000481E2 /* Info.plist */ = {isa = PBXFileReference; lastKnownFileType = text.plist.xml; path = Info.plist; sourceTree = "<group>"; };
		EE7C36011E95E193000481E2 /* PrefixHeader.pch */ = {isa = PBXFileReference; lastKnownFileType = sourcecode.c.h; path = PrefixHeader.pch; sourceTree = "<group>"; };
		EE7C36031E95EBBB000481E2 /* File.swift */ = {isa = PBXFileReference; fileEncoding = 4; lastKnownFileType = sourcecode.swift; path = File.swift; sourceTree = "<group>"; };
		EE7C36081E9615BD000481E2 /* LocalizeableInfo.swift */ = {isa = PBXFileReference; fileEncoding = 4; lastKnownFileType = sourcecode.swift; path = LocalizeableInfo.swift; sourceTree = "<group>"; };
		EE7C360B1E9621A8000481E2 /* en */ = {isa = PBXFileReference; lastKnownFileType = text.plist.strings; name = en; path = en.lproj/Localizable.strings; sourceTree = "<group>"; };
		EEAA30A01E98BB4900D92A32 /* MyHttpSessionMar.swift */ = {isa = PBXFileReference; fileEncoding = 4; lastKnownFileType = sourcecode.swift; path = MyHttpSessionMar.swift; sourceTree = "<group>"; };
		EEAA30A51E98DABB00D92A32 /* MBProgressHUD+MJ.h */ = {isa = PBXFileReference; fileEncoding = 4; lastKnownFileType = sourcecode.c.h; path = "MBProgressHUD+MJ.h"; sourceTree = "<group>"; };
		EEAA30A61E98DABB00D92A32 /* MBProgressHUD+MJ.m */ = {isa = PBXFileReference; fileEncoding = 4; lastKnownFileType = sourcecode.c.objc; path = "MBProgressHUD+MJ.m"; sourceTree = "<group>"; };
		EEAA30A71E98DABB00D92A32 /* MBProgressHUD.bundle */ = {isa = PBXFileReference; lastKnownFileType = "wrapper.plug-in"; path = MBProgressHUD.bundle; sourceTree = "<group>"; };
		EEAA30A81E98DABB00D92A32 /* MBProgressHUD.h */ = {isa = PBXFileReference; fileEncoding = 4; lastKnownFileType = sourcecode.c.h; path = MBProgressHUD.h; sourceTree = "<group>"; };
		EEAA30A91E98DABB00D92A32 /* MBProgressHUD.m */ = {isa = PBXFileReference; fileEncoding = 4; lastKnownFileType = sourcecode.c.objc; path = MBProgressHUD.m; sourceTree = "<group>"; };
		EEE1A32B1E98853A00E90096 /* Defaultinfos.swift */ = {isa = PBXFileReference; fileEncoding = 4; lastKnownFileType = sourcecode.swift; path = Defaultinfos.swift; sourceTree = "<group>"; };
		F86256DB931E77C2A58C82C1 /* Pods-随心行.debug.xcconfig */ = {isa = PBXFileReference; includeInIndex = 1; lastKnownFileType = text.xcconfig; name = "Pods-随心行.debug.xcconfig"; path = "Pods/Target Support Files/Pods-随心行/Pods-随心行.debug.xcconfig"; sourceTree = "<group>"; };
/* End PBXFileReference section */

/* Begin PBXFrameworksBuildPhase section */
		EE7C35E91E95DBFC000481E2 /* Frameworks */ = {
			isa = PBXFrameworksBuildPhase;
			buildActionMask = 2147483647;
			files = (
				F510CAACD04BE977C9B70BD0 /* Pods____.framework in Frameworks */,
			);
			runOnlyForDeploymentPostprocessing = 0;
		};
/* End PBXFrameworksBuildPhase section */

/* Begin PBXGroup section */
		188FC6A85B7217340435CAF8 /* Pods */ = {
			isa = PBXGroup;
			children = (
				F86256DB931E77C2A58C82C1 /* Pods-随心行.debug.xcconfig */,
				87D42D50C237D5F863861812 /* Pods-随心行.release.xcconfig */,
			);
			name = Pods;
			sourceTree = "<group>";
		};
		72D4383772E4771526AEDD42 /* Frameworks */ = {
			isa = PBXGroup;
			children = (
				4C7D6C9227326DC4F0CD900F /* Pods____.framework */,
			);
			name = Frameworks;
			sourceTree = "<group>";
		};
		EE3E3BA11E97432E0065827E /* MainVC */ = {
			isa = PBXGroup;
			children = (
				EE3E3BA31E9743C40065827E /* NavVC */,
				EE3E3BA21E9743690065827E /* LoginVC */,
			);
			path = MainVC;
			sourceTree = "<group>";
		};
		EE3E3BA21E9743690065827E /* LoginVC */ = {
			isa = PBXGroup;
			children = (
				EE3E3BA61E9764C40065827E /* LoginViewController.swift */,
				EE3E3BA71E9764C40065827E /* LoginViewController.xib */,
				EE3E3BAA1E979FE20065827E /* ResignViewController.swift */,
				EE3E3BAB1E979FE20065827E /* ResignViewController.xib */,
			);
			path = LoginVC;
			sourceTree = "<group>";
		};
		EE3E3BA31E9743C40065827E /* NavVC */ = {
			isa = PBXGroup;
			children = (
				EE3E3BA41E9744220065827E /* NavViewController.swift */,
			);
			path = NavVC;
			sourceTree = "<group>";
		};
		EE7C35E31E95DBFC000481E2 = {
			isa = PBXGroup;
			children = (
				EE7C35EE1E95DBFC000481E2 /* 随心行 */,
				EE7C35ED1E95DBFC000481E2 /* Products */,
				188FC6A85B7217340435CAF8 /* Pods */,
				72D4383772E4771526AEDD42 /* Frameworks */,
			);
			sourceTree = "<group>";
		};
		EE7C35ED1E95DBFC000481E2 /* Products */ = {
			isa = PBXGroup;
			children = (
				EE7C35EC1E95DBFC000481E2 /* 随心行.app */,
			);
			name = Products;
			sourceTree = "<group>";
		};
		EE7C35EE1E95DBFC000481E2 /* 随心行 */ = {
			isa = PBXGroup;
			children = (
				EE7C35EF1E95DBFC000481E2 /* AppDelegate.swift */,
				EE7C35F11E95DBFC000481E2 /* ViewController.swift */,
				EE3E3BA11E97432E0065827E /* MainVC */,
				EE7C35F31E95DBFC000481E2 /* Main.storyboard */,
				EE7C36071E96158E000481E2 /* 全局方法 */,
				EEAA30A31E98DA8400D92A32 /* OC */,
				EE7C35F61E95DBFC000481E2 /* Assets.xcassets */,
				EE7C35F81E95DBFC000481E2 /* LaunchScreen.storyboard */,
				EE7C36011E95E193000481E2 /* PrefixHeader.pch */,
				EE7C36031E95EBBB000481E2 /* File.swift */,
				EE7C35FB1E95DBFC000481E2 /* Info.plist */,
				EE7C360C1E9621A8000481E2 /* Localizable.strings */,
			);
			path = "随心行";
			sourceTree = "<group>";
		};
		EE7C36071E96158E000481E2 /* 全局方法 */ = {
			isa = PBXGroup;
			children = (
				EE7C36081E9615BD000481E2 /* LocalizeableInfo.swift */,
				EEE1A32B1E98853A00E90096 /* Defaultinfos.swift */,
				EEAA30A01E98BB4900D92A32 /* MyHttpSessionMar.swift */,
			);
			path = "全局方法";
			sourceTree = "<group>";
		};
		EEAA30A31E98DA8400D92A32 /* OC */ = {
			isa = PBXGroup;
			children = (
				EEAA30A41E98DABB00D92A32 /* MBProgressHUD */,
			);
			path = OC;
			sourceTree = "<group>";
		};
		EEAA30A41E98DABB00D92A32 /* MBProgressHUD */ = {
			isa = PBXGroup;
			children = (
				EEAA30A51E98DABB00D92A32 /* MBProgressHUD+MJ.h */,
				EEAA30A61E98DABB00D92A32 /* MBProgressHUD+MJ.m */,
				EEAA30A71E98DABB00D92A32 /* MBProgressHUD.bundle */,
				EEAA30A81E98DABB00D92A32 /* MBProgressHUD.h */,
				EEAA30A91E98DABB00D92A32 /* MBProgressHUD.m */,
			);
			path = MBProgressHUD;
			sourceTree = "<group>";
		};
/* End PBXGroup section */

/* Begin PBXNativeTarget section */
		EE7C35EB1E95DBFC000481E2 /* 随心行 */ = {
			isa = PBXNativeTarget;
			buildConfigurationList = EE7C35FE1E95DBFC000481E2 /* Build configuration list for PBXNativeTarget "随心行" */;
			buildPhases = (
				5E220776C562D1CB91927769 /* [CP] Check Pods Manifest.lock */,
				EE7C35E81E95DBFC000481E2 /* Sources */,
				EE7C35E91E95DBFC000481E2 /* Frameworks */,
				EE7C35EA1E95DBFC000481E2 /* Resources */,
				E74C491DC5EEF07E52FAD160 /* [CP] Embed Pods Frameworks */,
				019C9B3E33DBB420B3BA2BEB /* [CP] Copy Pods Resources */,
			);
			buildRules = (
			);
			dependencies = (
			);
			name = "随心行";
			productName = "随心行";
			productReference = EE7C35EC1E95DBFC000481E2 /* 随心行.app */;
			productType = "com.apple.product-type.application";
		};
/* End PBXNativeTarget section */

/* Begin PBXProject section */
		EE7C35E41E95DBFC000481E2 /* Project object */ = {
			isa = PBXProject;
			attributes = {
				LastSwiftUpdateCheck = 0820;
				LastUpgradeCheck = 0820;
				ORGANIZATIONNAME = SMA;
				TargetAttributes = {
					EE7C35EB1E95DBFC000481E2 = {
						CreatedOnToolsVersion = 8.2.1;
						DevelopmentTeam = VHVLE5FL92;
						ProvisioningStyle = Manual;
					};
				};
			};
			buildConfigurationList = EE7C35E71E95DBFC000481E2 /* Build configuration list for PBXProject "随心行" */;
			compatibilityVersion = "Xcode 3.2";
			developmentRegion = English;
			hasScannedForEncodings = 0;
			knownRegions = (
				en,
				Base,
			);
			mainGroup = EE7C35E31E95DBFC000481E2;
			productRefGroup = EE7C35ED1E95DBFC000481E2 /* Products */;
			projectDirPath = "";
			projectRoot = "";
			targets = (
				EE7C35EB1E95DBFC000481E2 /* 随心行 */,
			);
		};
/* End PBXProject section */

/* Begin PBXResourcesBuildPhase section */
		EE7C35EA1E95DBFC000481E2 /* Resources */ = {
			isa = PBXResourcesBuildPhase;
			buildActionMask = 2147483647;
			files = (
				EE3E3BA91E9764C40065827E /* LoginViewController.xib in Resources */,
				EE7C35FA1E95DBFC000481E2 /* LaunchScreen.storyboard in Resources */,
				EE3E3BAD1E979FE20065827E /* ResignViewController.xib in Resources */,
				EE7C360A1E9621A8000481E2 /* Localizable.strings in Resources */,
				EE7C35F71E95DBFC000481E2 /* Assets.xcassets in Resources */,
				EE7C35F51E95DBFC000481E2 /* Main.storyboard in Resources */,
				EEAA30AB1E98DABB00D92A32 /* MBProgressHUD.bundle in Resources */,
			);
			runOnlyForDeploymentPostprocessing = 0;
		};
/* End PBXResourcesBuildPhase section */

/* Begin PBXShellScriptBuildPhase section */
		019C9B3E33DBB420B3BA2BEB /* [CP] Copy Pods Resources */ = {
			isa = PBXShellScriptBuildPhase;
			buildActionMask = 2147483647;
			files = (
			);
			inputPaths = (
			);
			name = "[CP] Copy Pods Resources";
			outputPaths = (
			);
			runOnlyForDeploymentPostprocessing = 0;
			shellPath = /bin/sh;
			shellScript = "\"${SRCROOT}/Pods/Target Support Files/Pods-随心行/Pods-随心行-resources.sh\"\n";
			showEnvVarsInLog = 0;
		};
		5E220776C562D1CB91927769 /* [CP] Check Pods Manifest.lock */ = {
			isa = PBXShellScriptBuildPhase;
			buildActionMask = 2147483647;
			files = (
			);
			inputPaths = (
			);
			name = "[CP] Check Pods Manifest.lock";
			outputPaths = (
			);
			runOnlyForDeploymentPostprocessing = 0;
			shellPath = /bin/sh;
			shellScript = "diff \"${PODS_ROOT}/../Podfile.lock\" \"${PODS_ROOT}/Manifest.lock\" > /dev/null\nif [ $? != 0 ] ; then\n    # print error to STDERR\n    echo \"error: The sandbox is not in sync with the Podfile.lock. Run 'pod install' or update your CocoaPods installation.\" >&2\n    exit 1\nfi\n";
			showEnvVarsInLog = 0;
		};
		E74C491DC5EEF07E52FAD160 /* [CP] Embed Pods Frameworks */ = {
			isa = PBXShellScriptBuildPhase;
			buildActionMask = 2147483647;
			files = (
			);
			inputPaths = (
			);
			name = "[CP] Embed Pods Frameworks";
			outputPaths = (
			);
			runOnlyForDeploymentPostprocessing = 0;
			shellPath = /bin/sh;
			shellScript = "\"${SRCROOT}/Pods/Target Support Files/Pods-随心行/Pods-随心行-frameworks.sh\"\n";
			showEnvVarsInLog = 0;
		};
/* End PBXShellScriptBuildPhase section */

/* Begin PBXSourcesBuildPhase section */
		EE7C35E81E95DBFC000481E2 /* Sources */ = {
			isa = PBXSourcesBuildPhase;
			buildActionMask = 2147483647;
			files = (
				EE3E3BA81E9764C40065827E /* LoginViewController.swift in Sources */,
				EEE1A32C1E98853A00E90096 /* Defaultinfos.swift in Sources */,
				EE7C36091E9615BD000481E2 /* LocalizeableInfo.swift in Sources */,
				EE3E3BAC1E979FE20065827E /* ResignViewController.swift in Sources */,
				EEAA30AC1E98DABB00D92A32 /* MBProgressHUD.m in Sources */,
				EE3E3BA51E9744220065827E /* NavViewController.swift in Sources */,
				EE7C35F21E95DBFC000481E2 /* ViewController.swift in Sources */,
				EEAA30AA1E98DABB00D92A32 /* MBProgressHUD+MJ.m in Sources */,
				EEAA30A11E98BB4900D92A32 /* MyHttpSessionMar.swift in Sources */,
				EE7C36041E95EBBB000481E2 /* File.swift in Sources */,
				EE7C35F01E95DBFC000481E2 /* AppDelegate.swift in Sources */,
			);
			runOnlyForDeploymentPostprocessing = 0;
		};
/* End PBXSourcesBuildPhase section */

/* Begin PBXVariantGroup section */
		EE7C35F31E95DBFC000481E2 /* Main.storyboard */ = {
			isa = PBXVariantGroup;
			children = (
				EE7C35F41E95DBFC000481E2 /* Base */,
			);
			name = Main.storyboard;
			sourceTree = "<group>";
		};
		EE7C35F81E95DBFC000481E2 /* LaunchScreen.storyboard */ = {
			isa = PBXVariantGroup;
			children = (
				EE7C35F91E95DBFC000481E2 /* Base */,
			);
			name = LaunchScreen.storyboard;
			sourceTree = "<group>";
		};
		EE7C360C1E9621A8000481E2 /* Localizable.strings */ = {
			isa = PBXVariantGroup;
			children = (
				EE7C360B1E9621A8000481E2 /* en */,
			);
			name = Localizable.strings;
			sourceTree = "<group>";
		};
/* End PBXVariantGroup section */

/* Begin XCBuildConfiguration section */
		EE7C35FC1E95DBFC000481E2 /* Debug */ = {
			isa = XCBuildConfiguration;
			buildSettings = {
				ALWAYS_SEARCH_USER_PATHS = NO;
				CLANG_ANALYZER_NONNULL = YES;
				CLANG_CXX_LANGUAGE_STANDARD = "gnu++0x";
				CLANG_CXX_LIBRARY = "libc++";
				CLANG_ENABLE_MODULES = YES;
				CLANG_ENABLE_OBJC_ARC = YES;
				CLANG_WARN_BOOL_CONVERSION = YES;
				CLANG_WARN_CONSTANT_CONVERSION = YES;
				CLANG_WARN_DIRECT_OBJC_ISA_USAGE = YES_ERROR;
				CLANG_WARN_DOCUMENTATION_COMMENTS = YES;
				CLANG_WARN_EMPTY_BODY = YES;
				CLANG_WARN_ENUM_CONVERSION = YES;
				CLANG_WARN_INFINITE_RECURSION = YES;
				CLANG_WARN_INT_CONVERSION = YES;
				CLANG_WARN_OBJC_ROOT_CLASS = YES_ERROR;
				CLANG_WARN_SUSPICIOUS_MOVE = YES;
				CLANG_WARN_UNREACHABLE_CODE = YES;
				CLANG_WARN__DUPLICATE_METHOD_MATCH = YES;
				"CODE_SIGN_IDENTITY[sdk=iphoneos*]" = "iPhone Developer";
				COPY_PHASE_STRIP = NO;
				DEBUG_INFORMATION_FORMAT = dwarf;
				ENABLE_STRICT_OBJC_MSGSEND = YES;
				ENABLE_TESTABILITY = YES;
				GCC_C_LANGUAGE_STANDARD = gnu99;
				GCC_DYNAMIC_NO_PIC = NO;
				GCC_NO_COMMON_BLOCKS = YES;
				GCC_OPTIMIZATION_LEVEL = 0;
				GCC_PREPROCESSOR_DEFINITIONS = (
					"DEBUG=1",
					"$(inherited)",
				);
				GCC_WARN_64_TO_32_BIT_CONVERSION = YES;
				GCC_WARN_ABOUT_RETURN_TYPE = YES_ERROR;
				GCC_WARN_UNDECLARED_SELECTOR = YES;
				GCC_WARN_UNINITIALIZED_AUTOS = YES_AGGRESSIVE;
				GCC_WARN_UNUSED_FUNCTION = YES;
				GCC_WARN_UNUSED_VARIABLE = YES;
				IPHONEOS_DEPLOYMENT_TARGET = 10.2;
				MTL_ENABLE_DEBUG_INFO = YES;
				ONLY_ACTIVE_ARCH = YES;
				SDKROOT = iphoneos;
				SWIFT_ACTIVE_COMPILATION_CONDITIONS = DEBUG;
				SWIFT_OPTIMIZATION_LEVEL = "-Onone";
			};
			name = Debug;
		};
		EE7C35FD1E95DBFC000481E2 /* Release */ = {
			isa = XCBuildConfiguration;
			buildSettings = {
				ALWAYS_SEARCH_USER_PATHS = NO;
				CLANG_ANALYZER_NONNULL = YES;
				CLANG_CXX_LANGUAGE_STANDARD = "gnu++0x";
				CLANG_CXX_LIBRARY = "libc++";
				CLANG_ENABLE_MODULES = YES;
				CLANG_ENABLE_OBJC_ARC = YES;
				CLANG_WARN_BOOL_CONVERSION = YES;
				CLANG_WARN_CONSTANT_CONVERSION = YES;
				CLANG_WARN_DIRECT_OBJC_ISA_USAGE = YES_ERROR;
				CLANG_WARN_DOCUMENTATION_COMMENTS = YES;
				CLANG_WARN_EMPTY_BODY = YES;
				CLANG_WARN_ENUM_CONVERSION = YES;
				CLANG_WARN_INFINITE_RECURSION = YES;
				CLANG_WARN_INT_CONVERSION = YES;
				CLANG_WARN_OBJC_ROOT_CLASS = YES_ERROR;
				CLANG_WARN_SUSPICIOUS_MOVE = YES;
				CLANG_WARN_UNREACHABLE_CODE = YES;
				CLANG_WARN__DUPLICATE_METHOD_MATCH = YES;
				"CODE_SIGN_IDENTITY[sdk=iphoneos*]" = "iPhone Developer";
				COPY_PHASE_STRIP = NO;
				DEBUG_INFORMATION_FORMAT = "dwarf-with-dsym";
				ENABLE_NS_ASSERTIONS = NO;
				ENABLE_STRICT_OBJC_MSGSEND = YES;
				GCC_C_LANGUAGE_STANDARD = gnu99;
				GCC_NO_COMMON_BLOCKS = YES;
				GCC_WARN_64_TO_32_BIT_CONVERSION = YES;
				GCC_WARN_ABOUT_RETURN_TYPE = YES_ERROR;
				GCC_WARN_UNDECLARED_SELECTOR = YES;
				GCC_WARN_UNINITIALIZED_AUTOS = YES_AGGRESSIVE;
				GCC_WARN_UNUSED_FUNCTION = YES;
				GCC_WARN_UNUSED_VARIABLE = YES;
				IPHONEOS_DEPLOYMENT_TARGET = 10.2;
				MTL_ENABLE_DEBUG_INFO = NO;
				SDKROOT = iphoneos;
				SWIFT_OPTIMIZATION_LEVEL = "-Owholemodule";
				VALIDATE_PRODUCT = YES;
			};
			name = Release;
		};
		EE7C35FF1E95DBFC000481E2 /* Debug */ = {
			isa = XCBuildConfiguration;
			baseConfigurationReference = F86256DB931E77C2A58C82C1 /* Pods-随心行.debug.xcconfig */;
			buildSettings = {
				ASSETCATALOG_COMPILER_APPICON_NAME = AppIcon;
				DEVELOPMENT_TEAM = VHVLE5FL92;
				GCC_PREFIX_HEADER = "$(SRCROOT)/随心行/PrefixHeader.pch";
				INFOPLIST_FILE = "随心行/Info.plist";
				LD_RUNPATH_SEARCH_PATHS = "$(inherited) @executable_path/Frameworks";
				PRODUCT_BUNDLE_IDENTIFIER = com.smawatch.xuixin;
				PRODUCT_NAME = "$(TARGET_NAME)";
				PROVISIONING_PROFILE = "59433a92-8d52-438f-8188-9853d2426713";
				PROVISIONING_PROFILE_SPECIFIER = All_development_text;
				SWIFT_OBJC_BRIDGING_HEADER = "$(SRCROOT)/随心行/PrefixHeader.pch";
				SWIFT_VERSION = 3.0;
			};
			name = Debug;
		};
		EE7C36001E95DBFC000481E2 /* Release */ = {
			isa = XCBuildConfiguration;
			baseConfigurationReference = 87D42D50C237D5F863861812 /* Pods-随心行.release.xcconfig */;
			buildSettings = {
				ASSETCATALOG_COMPILER_APPICON_NAME = AppIcon;
				DEVELOPMENT_TEAM = "";
				GCC_PREFIX_HEADER = "$(SRCROOT)/随心行/PrefixHeader.pch";
				INFOPLIST_FILE = "随心行/Info.plist";
				LD_RUNPATH_SEARCH_PATHS = "$(inherited) @executable_path/Frameworks";
				PRODUCT_BUNDLE_IDENTIFIER = com.smawatch.xuixin;
				PRODUCT_NAME = "$(TARGET_NAME)";
				SWIFT_OBJC_BRIDGING_HEADER = "$(SRCROOT)/随心行/PrefixHeader.pch";
				SWIFT_VERSION = 3.0;
			};
			name = Release;
		};
/* End XCBuildConfiguration section */

/* Begin XCConfigurationList section */
		EE7C35E71E95DBFC000481E2 /* Build configuration list for PBXProject "随心行" */ = {
			isa = XCConfigurationList;
			buildConfigurations = (
				EE7C35FC1E95DBFC000481E2 /* Debug */,
				EE7C35FD1E95DBFC000481E2 /* Release */,
			);
			defaultConfigurationIsVisible = 0;
			defaultConfigurationName = Release;
		};
		EE7C35FE1E95DBFC000481E2 /* Build configuration list for PBXNativeTarget "随心行" */ = {
			isa = XCConfigurationList;
			buildConfigurations = (
				EE7C35FF1E95DBFC000481E2 /* Debug */,
				EE7C36001E95DBFC000481E2 /* Release */,
			);
			defaultConfigurationIsVisible = 0;
			defaultConfigurationName = Release;
		};
/* End XCConfigurationList section */
	};
	rootObject = EE7C35E41E95DBFC000481E2 /* Project object */;
}
